// !$*UTF8*$!
{archiveVersion = 1; classes = {}; objectVersion = 56; objects = {
EED3FB31A662610C6110960C = {isa = PBXFileReference; lastKnownFileType = sourcecode.swift; path = "OpenMath/AssistantPanel.swift"; sourceTree = "<group>";};
12D2F99F66FC6B3574179BC6 = {isa = PBXBuildFile; fileRef = EED3FB31A662610C6110960C;};
34ECBE1ED665C73C5F26F2D1 = {isa = PBXFileReference; lastKnownFileType = sourcecode.swift; path = "OpenMath/DocumentStore.swift"; sourceTree = "<group>";};
EF0814393F0340865D407338 = {isa = PBXBuildFile; fileRef = 34ECBE1ED665C73C5F26F2D1;};
07F249C35970B9E61C4A33FB = {isa = PBXFileReference; lastKnownFileType = sourcecode.swift; path = "OpenMath/JSONValue.swift"; sourceTree = "<group>";};
32E873023554E0BDBD6D8CC3 = {isa = PBXBuildFile; fileRef = 07F249C35970B9E61C4A33FB;};
571B93BA4AB6D59BC4236E3D = {isa = PBXFileReference; lastKnownFileType = sourcecode.swift; path = "OpenMath/KernelClient.swift"; sourceTree = "<group>";};
ACD24841B593D6E4691DB5E5 = {isa = PBXBuildFile; fileRef = 571B93BA4AB6D59BC4236E3D;};
8323F7D0BF6A114C8D2FE822 = {isa = PBXFileReference; lastKnownFileType = sourcecode.swift; path = "OpenMath/LLMTransport.swift"; sourceTree = "<group>";};
F6EF8A13DB8AF659E1523EFC = {isa = PBXBuildFile; fileRef = 8323F7D0BF6A114C8D2FE822;};
005D1AB3B745F5A5DAE9FBF8 = {isa = PBXFileReference; lastKnownFileType = sourcecode.swift; path = "OpenMath/MathEditor.swift"; sourceTree = "<group>";};
329683E7DB14B00E13306B01 = {isa = PBXBuildFile; fileRef = 005D1AB3B745F5A5DAE9FBF8;};
7855A350C5F4E6A0A43B3B9F = {isa = PBXFileReference; lastKnownFileType = sourcecode.swift; path = "OpenMath/MathView.swift"; sourceTree = "<group>";};
833AADD08151B7C6AB6AE89E = {isa = PBXBuildFile; fileRef = 7855A350C5F4E6A0A43B3B9F;};
548973EB987F0531353874C4 = {isa = PBXFileReference; lastKnownFileType = sourcecode.swift; path = "OpenMath/NativeMarkdown.swift"; sourceTree = "<group>";};
D78D068832E03438F1096EF0 = {isa = PBXBuildFile; fileRef = 548973EB987F0531353874C4;};
40562889B7D4A9B70DEC8536 = {isa = PBXFileReference; lastKnownFileType = sourcecode.swift; path = "OpenMath/NotebookController.swift"; sourceTree = "<group>";};
208BAA0B409B4F812241C9D6 = {isa = PBXBuildFile; fileRef = 40562889B7D4A9B70DEC8536;};
74EF5F843FC8FBFEC88E47CB = {isa = PBXFileReference; lastKnownFileType = sourcecode.swift; path = "OpenMath/NotebookExporter.swift"; sourceTree = "<group>";};
4435FADC65CA411AF4CE4DFF = {isa = PBXBuildFile; fileRef = 74EF5F843FC8FBFEC88E47CB;};
662A300D1CEA1C31185D0F43 = {isa = PBXFileReference; lastKnownFileType = sourcecode.swift; path = "OpenMath/OpenMathApp.swift"; sourceTree = "<group>";};
B98FD38C1DAF3D8F9F6E5A02 = {isa = PBXBuildFile; fileRef = 662A300D1CEA1C31185D0F43;};
C245F3A13A1EBC37E7E74C6F = {isa = PBXFileReference; lastKnownFileType = sourcecode.swift; path = "OpenMath/OutputView.swift"; sourceTree = "<group>";};
BDA5DEBA04249A0F9CD0737A = {isa = PBXBuildFile; fileRef = C245F3A13A1EBC37E7E74C6F;};
32BFD5288C8596C4277BC21D = {isa = PBXFileReference; lastKnownFileType = sourcecode.swift; path = "OpenMath/PlotView.swift"; sourceTree = "<group>";};
03BFB735B4BBE746EC484FF1 = {isa = PBXBuildFile; fileRef = 32BFD5288C8596C4277BC21D;};
C1134FF8C62303980C559435 = {isa = PBXFileReference; lastKnownFileType = sourcecode.swift; path = "OpenMath/RootView.swift"; sourceTree = "<group>";};
44EE565E85422B5BB915BE8D = {isa = PBXBuildFile; fileRef = C1134FF8C62303980C559435;};
D70D2DC53E2449037F8EAE0A = {isa = PBXFileReference; lastKnownFileType = sourcecode.swift; path = "OpenMath/SettingsStore.swift"; sourceTree = "<group>";};
800C505AB5E04F26D1108D23 = {isa = PBXBuildFile; fileRef = D70D2DC53E2449037F8EAE0A;};
901C819507F8C7137DEC2325 = {isa = PBXFileReference; lastKnownFileType = sourcecode.swift; path = "OpenMath/SettingsView.swift"; sourceTree = "<group>";};
3499A6C388AA9B11D642A366 = {isa = PBXBuildFile; fileRef = 901C819507F8C7137DEC2325;};
F22150BA03ECDDF9A3D98DA1 = {isa = PBXFileReference; lastKnownFileType = sourcecode.swift; path = "OpenMath/StepsPanel.swift"; sourceTree = "<group>";};
37968D3B560C03B2E0EFA1CD = {isa = PBXBuildFile; fileRef = F22150BA03ECDDF9A3D98DA1;};
418CDCEF037870272BBABC7F = {isa = PBXFileReference; lastKnownFileType = sourcecode.swift; path = "OpenMath/Theme.swift"; sourceTree = "<group>";};
8E69A80F9AB59B22FE136D2A = {isa = PBXBuildFile; fileRef = 418CDCEF037870272BBABC7F;};
743018C0E3573A8EF919F3BA = {isa = PBXFileReference; lastKnownFileType = sourcecode.swift; path = "OpenMathTests/AcceptanceTests.swift"; sourceTree = "<group>";};
5F2482791E316F4EA6AD9FC4 = {isa = PBXBuildFile; fileRef = 743018C0E3573A8EF919F3BA;};
3B1784BDEE120ABFB812A504 = {isa = PBXFileReference; lastKnownFileType = sourcecode.swift; path = "OpenMathTests/KernelTests.swift"; sourceTree = "<group>";};
98FBE73BEFC2B149FB1DE999 = {isa = PBXBuildFile; fileRef = 3B1784BDEE120ABFB812A504;};
390A12D076D77DB194725E05 = {isa = PBXFileReference; lastKnownFileType = sourcecode.swift; path = "OpenMathTests/SettingsTests.swift"; sourceTree = "<group>";};
2C182652FEC1742582E5A8F6 = {isa = PBXBuildFile; fileRef = 390A12D076D77DB194725E05;};
67A99093496AC8FC412F608B = {isa = PBXFileReference; lastKnownFileType = sourcecode.swift; path = "OpenMathTests/TransportTests.swift"; sourceTree = "<group>";};
9011B9B2CF270BDDC1453E99 = {isa = PBXBuildFile; fileRef = 67A99093496AC8FC412F608B;};
1B276E158F0E17620427CE0B = {isa = PBXFileReference; lastKnownFileType = sourcecode.swift; path = "OpenMathUITests/NotebookUITests.swift"; sourceTree = "<group>";};
D86BE71AAA77C666290125FB = {isa = PBXBuildFile; fileRef = 1B276E158F0E17620427CE0B;};
DDAD4BA60CE2959173594718 = {isa = PBXFileReference; lastKnownFileType = text; path = "OpenMath/Resources/SwiftMath-GUST-FONT-LICENSE.txt"; sourceTree = "<group>";};
515751F024373B1C33F77058 = {isa = PBXBuildFile; fileRef = DDAD4BA60CE2959173594718;};
68270F5D10725C4B93BA19C0 = {isa = PBXFileReference; lastKnownFileType = text; path = "OpenMath/Resources/SwiftMath-MIT.txt"; sourceTree = "<group>";};
9F5FDA67D90E6301CE5E7708 = {isa = PBXBuildFile; fileRef = 68270F5D10725C4B93BA19C0;};
12AC81203980880BA9654A12 = {isa = PBXFileReference; lastKnownFileType = text; path = "OpenMath/Resources/SwiftMath-OFL.txt"; sourceTree = "<group>";};
E974F8A429ADE670F462207D = {isa = PBXBuildFile; fileRef = 12AC81203980880BA9654A12;};
E39686CCF7FBE1EAD517B76A = {isa = PBXFileReference; lastKnownFileType = text.json; path = "OpenMath/Resources/solve-corpus.json"; sourceTree = "<group>";};
7168A0FB58AE4A31BB61912F = {isa = PBXBuildFile; fileRef = E39686CCF7FBE1EAD517B76A;};
F8DD75B6BE9CBFF6079DCBB4 = {isa = PBXFileReference; lastKnownFileType = text.json; path = "OpenMath/Resources/steps.en.json"; sourceTree = "<group>";};
DEFA98B654FE560ABC1ECE6A = {isa = PBXBuildFile; fileRef = F8DD75B6BE9CBFF6079DCBB4;};
1F73BFFFDE10A50C77C39541 = {isa = PBXFileReference; lastKnownFileType = text.json; path = "OpenMath/Resources/steps.zh-CN.json"; sourceTree = "<group>";};
03F0C9363540DDCA79D1738F = {isa = PBXBuildFile; fileRef = 1F73BFFFDE10A50C77C39541;};
AAB55A35194BF876543168A4 = {isa = PBXFileReference; lastKnownFileType = text; path = "OpenMath/Resources/swift-cmark-COPYING.txt"; sourceTree = "<group>";};
9BDB783337F983E42FD45B8E = {isa = PBXBuildFile; fileRef = AAB55A35194BF876543168A4;};
AF2A502FD2495CC66DDB70E9 = {isa = PBXFileReference; lastKnownFileType = text; path = "OpenMath/Resources/swift-markdown-Apache-2.0.txt"; sourceTree = "<group>";};
2A7469F483CF8D121B4414FC = {isa = PBXBuildFile; fileRef = AF2A502FD2495CC66DDB70E9;};
613B2F1F9E8DBB5E561A0A3A = {isa = PBXFileReference; lastKnownFileType = folder.assetcatalog; path = "OpenMath/Assets.xcassets"; sourceTree = "<group>";};
64799295FB3775D58C2A45C4 = {isa = PBXBuildFile; fileRef = 613B2F1F9E8DBB5E561A0A3A;};
896DF416CB1573E0CAEB79D6 = {isa = PBXFileReference; lastKnownFileType = folder; path = "OpenMath/Resources/RustNotices"; sourceTree = "<group>";};
A91847B74A2295A8A1B54EF6 = {isa = PBXBuildFile; fileRef = 896DF416CB1573E0CAEB79D6;};
681C948D238C526E9E3424E0 = {isa = PBXFileReference; explicitFileType = wrapper.application; path = OpenMath.app; sourceTree = BUILT_PRODUCTS_DIR;};
263AA7604F720BBE5B796EE5 = {isa = PBXFileReference; explicitFileType = wrapper.cfbundle; path = OpenMathTests.xctest; sourceTree = BUILT_PRODUCTS_DIR;};
93E46A602338E07A8524AEF6 = {isa = PBXFileReference; explicitFileType = wrapper.cfbundle; path = OpenMathUITests.xctest; sourceTree = BUILT_PRODUCTS_DIR;};
10C825A38CBF050C85D7A199 = {isa = PBXFileReference; lastKnownFileType = wrapper.xcframework; path = Frameworks/OpenMathKernel.xcframework; sourceTree = "<group>";};
0835FEEF2EC52591AAF9F62B = {isa = PBXBuildFile; fileRef = 10C825A38CBF050C85D7A199;};
D7ACB2E1ED8E2282F22A9486 = {isa = XCRemoteSwiftPackageReference; repositoryURL = "https://github.com/mgriebling/SwiftMath.git"; requirement = {kind = exactVersion; version = 1.7.3;};};
7F054A4C2334FEB5FDADD389 = {isa = XCSwiftPackageProductDependency; package = D7ACB2E1ED8E2282F22A9486; productName = SwiftMath;};
22167733FD22B3F77D1E99F0 = {isa = PBXBuildFile; productRef = 7F054A4C2334FEB5FDADD389;};
D262FE5EC822179BD94304BF = {isa = XCRemoteSwiftPackageReference; repositoryURL = "https://github.com/swiftlang/swift-markdown.git"; requirement = {kind = exactVersion; version = 0.9.0;};};
1B0203FB9F29F8B9F4433A3C = {isa = XCSwiftPackageProductDependency; package = D262FE5EC822179BD94304BF; productName = Markdown;};
0605AE4D87B51EE2DFDBBCA8 = {isa = PBXBuildFile; productRef = 1B0203FB9F29F8B9F4433A3C;};
0A3E27B8CA818264D75C8D81 = {isa = PBXGroup; children = (681C948D238C526E9E3424E0,263AA7604F720BBE5B796EE5,93E46A602338E07A8524AEF6,); name = Products; sourceTree = "<group>";};
0D6E4079E36703EBD37C0072 = {isa = PBXGroup; children = (EED3FB31A662610C6110960C,34ECBE1ED665C73C5F26F2D1,07F249C35970B9E61C4A33FB,571B93BA4AB6D59BC4236E3D,8323F7D0BF6A114C8D2FE822,005D1AB3B745F5A5DAE9FBF8,7855A350C5F4E6A0A43B3B9F,548973EB987F0531353874C4,40562889B7D4A9B70DEC8536,74EF5F843FC8FBFEC88E47CB,662A300D1CEA1C31185D0F43,C245F3A13A1EBC37E7E74C6F,32BFD5288C8596C4277BC21D,C1134FF8C62303980C559435,D70D2DC53E2449037F8EAE0A,901C819507F8C7137DEC2325,F22150BA03ECDDF9A3D98DA1,418CDCEF037870272BBABC7F,743018C0E3573A8EF919F3BA,3B1784BDEE120ABFB812A504,390A12D076D77DB194725E05,67A99093496AC8FC412F608B,1B276E158F0E17620427CE0B,DDAD4BA60CE2959173594718,68270F5D10725C4B93BA19C0,12AC81203980880BA9654A12,E39686CCF7FBE1EAD517B76A,F8DD75B6BE9CBFF6079DCBB4,1F73BFFFDE10A50C77C39541,AAB55A35194BF876543168A4,AF2A502FD2495CC66DDB70E9,613B2F1F9E8DBB5E561A0A3A,896DF416CB1573E0CAEB79D6,10C825A38CBF050C85D7A199,0A3E27B8CA818264D75C8D81,); sourceTree = "<group>";};
1241936D4DD3AAD68FE7BFBD = {isa = PBXContainerItemProxy; containerPortal = 244210E48437B6556980A702; proxyType = 1; remoteGlobalIDString = A172CEDCAE47474B615C54D5; remoteInfo = OpenMath;};
F26350DAFE3F19AABFD69AC4 = {isa = PBXTargetDependency; target = A172CEDCAE47474B615C54D5; targetProxy = 1241936D4DD3AAD68FE7BFBD;};
CEFBEA4CEA43853D903B4A76 = {isa = PBXFileReference; lastKnownFileType = text.xcconfig; path = Config/Signing.xcconfig; sourceTree = "<group>";};
488864B3D19480A82F7F1786 = {isa = XCBuildConfiguration; baseConfigurationReference = CEFBEA4CEA43853D903B4A76; buildSettings = {CLANG_ENABLE_MODULES = "YES";IPHONEOS_DEPLOYMENT_TARGET = "27.0";SWIFT_VERSION = "6.0";SWIFT_OPTIMIZATION_LEVEL = "-Onone";DEBUG_INFORMATION_FORMAT = "dwarf";SWIFT_ACTIVE_COMPILATION_CONDITIONS = "DEBUG $(inherited)";}; name = Debug;};
35B1014F135DE9B45529B733 = {isa = XCBuildConfiguration; baseConfigurationReference = CEFBEA4CEA43853D903B4A76; buildSettings = {CLANG_ENABLE_MODULES = "YES";IPHONEOS_DEPLOYMENT_TARGET = "27.0";SWIFT_VERSION = "6.0";SWIFT_OPTIMIZATION_LEVEL = "-O";DEBUG_INFORMATION_FORMAT = "dwarf-with-dsym";SWIFT_COMPILATION_MODE = "wholemodule";}; name = Release;};
8533BDEA17DCB03B13524C66 = {isa = XCConfigurationList; buildConfigurations = (488864B3D19480A82F7F1786,35B1014F135DE9B45529B733,); defaultConfigurationIsVisible = 0; defaultConfigurationName = Release;};
1EAB605A7E71CEDE97BCE15C = {isa = PBXSourcesBuildPhase; buildActionMask = 2147483647; files = (12D2F99F66FC6B3574179BC6,EF0814393F0340865D407338,32E873023554E0BDBD6D8CC3,ACD24841B593D6E4691DB5E5,F6EF8A13DB8AF659E1523EFC,329683E7DB14B00E13306B01,833AADD08151B7C6AB6AE89E,D78D068832E03438F1096EF0,208BAA0B409B4F812241C9D6,4435FADC65CA411AF4CE4DFF,B98FD38C1DAF3D8F9F6E5A02,BDA5DEBA04249A0F9CD0737A,03BFB735B4BBE746EC484FF1,44EE565E85422B5BB915BE8D,800C505AB5E04F26D1108D23,3499A6C388AA9B11D642A366,37968D3B560C03B2E0EFA1CD,8E69A80F9AB59B22FE136D2A,); runOnlyForDeploymentPostprocessing = 0;};
31B4B0C2D44A8331B77B5A3E = {isa = PBXFrameworksBuildPhase; buildActionMask = 2147483647; files = (0835FEEF2EC52591AAF9F62B,22167733FD22B3F77D1E99F0,0605AE4D87B51EE2DFDBBCA8,); runOnlyForDeploymentPostprocessing = 0;};
9BBE9D5405AF11E34EB7199A = {isa = PBXResourcesBuildPhase; buildActionMask = 2147483647; files = (515751F024373B1C33F77058,9F5FDA67D90E6301CE5E7708,E974F8A429ADE670F462207D,7168A0FB58AE4A31BB61912F,DEFA98B654FE560ABC1ECE6A,03F0C9363540DDCA79D1738F,9BDB783337F983E42FD45B8E,2A7469F483CF8D121B4414FC,64799295FB3775D58C2A45C4,A91847B74A2295A8A1B54EF6,); runOnlyForDeploymentPostprocessing = 0;};
01A3843C030E22C4D8FC18C2 = {isa = XCBuildConfiguration; baseConfigurationReference = CEFBEA4CEA43853D903B4A76; buildSettings = {SUPPORTS_MAC_DESIGNED_FOR_IPHONE_IPAD = "NO";ARCHS = "arm64";SUPPORTED_PLATFORMS = "iphoneos iphonesimulator";SDKROOT = "iphoneos";IPHONEOS_DEPLOYMENT_TARGET = "27.0";SWIFT_VERSION = "6.0";SWIFT_STRICT_CONCURRENCY = "complete";TARGETED_DEVICE_FAMILY = "1,2";CLANG_ENABLE_MODULES = "YES";CODE_SIGN_STYLE = "Automatic";CURRENT_PROJECT_VERSION = "2";MARKETING_VERSION = "0.1.0";ENABLE_BITCODE = "NO";ENABLE_TESTABILITY = "YES";PRODUCT_NAME = "$(TARGET_NAME)";SWIFT_EMIT_LOC_STRINGS = "YES";PRODUCT_BUNDLE_IDENTIFIER = "org.openmath.OpenMath";GENERATE_INFOPLIST_FILE = "NO";ASSETCATALOG_COMPILER_APPICON_NAME = "AppIcon";INFOPLIST_FILE = "OpenMath/Info.plist";INFOPLIST_KEY_UILaunchScreen_Generation = "YES";SWIFT_OPTIMIZATION_LEVEL = "-Onone";DEBUG_INFORMATION_FORMAT = "dwarf";SWIFT_ACTIVE_COMPILATION_CONDITIONS = "DEBUG $(inherited)";}; name = Debug;};
F78F92F9556BE49DC358BBD1 = {isa = XCBuildConfiguration; baseConfigurationReference = CEFBEA4CEA43853D903B4A76; buildSettings = {SUPPORTS_MAC_DESIGNED_FOR_IPHONE_IPAD = "NO";ARCHS = "arm64";SUPPORTED_PLATFORMS = "iphoneos iphonesimulator";SDKROOT = "iphoneos";IPHONEOS_DEPLOYMENT_TARGET = "27.0";SWIFT_VERSION = "6.0";SWIFT_STRICT_CONCURRENCY = "complete";TARGETED_DEVICE_FAMILY = "1,2";CLANG_ENABLE_MODULES = "YES";CODE_SIGN_STYLE = "Automatic";CURRENT_PROJECT_VERSION = "2";MARKETING_VERSION = "0.1.0";ENABLE_BITCODE = "NO";ENABLE_TESTABILITY = "YES";PRODUCT_NAME = "$(TARGET_NAME)";SWIFT_EMIT_LOC_STRINGS = "YES";PRODUCT_BUNDLE_IDENTIFIER = "org.openmath.OpenMath";GENERATE_INFOPLIST_FILE = "NO";ASSETCATALOG_COMPILER_APPICON_NAME = "AppIcon";INFOPLIST_FILE = "OpenMath/Info.plist";INFOPLIST_KEY_UILaunchScreen_Generation = "YES";SWIFT_OPTIMIZATION_LEVEL = "-O";DEBUG_INFORMATION_FORMAT = "dwarf-with-dsym";SWIFT_COMPILATION_MODE = "wholemodule";}; name = Release;};
E5EA444E83E618807A3EC32F = {isa = XCConfigurationList; buildConfigurations = (01A3843C030E22C4D8FC18C2,F78F92F9556BE49DC358BBD1,); defaultConfigurationIsVisible = 0; defaultConfigurationName = Release;};
A172CEDCAE47474B615C54D5 = {isa = PBXNativeTarget; buildConfigurationList = E5EA444E83E618807A3EC32F; buildPhases = (1EAB605A7E71CEDE97BCE15C,31B4B0C2D44A8331B77B5A3E,9BBE9D5405AF11E34EB7199A,); buildRules = (); dependencies = (); name = OpenMath; productName = OpenMath; productReference = 681C948D238C526E9E3424E0; productType = "com.apple.product-type.application"; packageProductDependencies = (7F054A4C2334FEB5FDADD389,1B0203FB9F29F8B9F4433A3C,);};
086940F446412A3D59EB2C64 = {isa = PBXSourcesBuildPhase; buildActionMask = 2147483647; files = (5F2482791E316F4EA6AD9FC4,98FBE73BEFC2B149FB1DE999,2C182652FEC1742582E5A8F6,9011B9B2CF270BDDC1453E99,); runOnlyForDeploymentPostprocessing = 0;};
C44F5A3E1D4D563353EFE731 = {isa = PBXFrameworksBuildPhase; buildActionMask = 2147483647; files = (); runOnlyForDeploymentPostprocessing = 0;};
AD5229A49ACDFC0CBA48D65A = {isa = PBXResourcesBuildPhase; buildActionMask = 2147483647; files = (); runOnlyForDeploymentPostprocessing = 0;};
2540C31445317F62571716EB = {isa = XCBuildConfiguration; baseConfigurationReference = CEFBEA4CEA43853D903B4A76; buildSettings = {SUPPORTS_MAC_DESIGNED_FOR_IPHONE_IPAD = "NO";ARCHS = "arm64";SUPPORTED_PLATFORMS = "iphoneos iphonesimulator";SDKROOT = "iphoneos";IPHONEOS_DEPLOYMENT_TARGET = "27.0";SWIFT_VERSION = "6.0";SWIFT_STRICT_CONCURRENCY = "complete";TARGETED_DEVICE_FAMILY = "1,2";CLANG_ENABLE_MODULES = "YES";CODE_SIGN_STYLE = "Automatic";CURRENT_PROJECT_VERSION = "2";MARKETING_VERSION = "0.1.0";ENABLE_BITCODE = "NO";ENABLE_TESTABILITY = "YES";PRODUCT_NAME = "$(TARGET_NAME)";SWIFT_EMIT_LOC_STRINGS = "YES";PRODUCT_BUNDLE_IDENTIFIER = "org.openmath.OpenMathTests";GENERATE_INFOPLIST_FILE = "YES";TEST_HOST = "$(BUILT_PRODUCTS_DIR)/OpenMath.app/$(BUNDLE_EXECUTABLE_FOLDER_PATH)/OpenMath";BUNDLE_LOADER = "$(TEST_HOST)";SWIFT_OPTIMIZATION_LEVEL = "-Onone";DEBUG_INFORMATION_FORMAT = "dwarf";SWIFT_ACTIVE_COMPILATION_CONDITIONS = "DEBUG $(inherited)";}; name = Debug;};
A8210E9F92E102A504874F85 = {isa = XCBuildConfiguration; baseConfigurationReference = CEFBEA4CEA43853D903B4A76; buildSettings = {SUPPORTS_MAC_DESIGNED_FOR_IPHONE_IPAD = "NO";ARCHS = "arm64";SUPPORTED_PLATFORMS = "iphoneos iphonesimulator";SDKROOT = "iphoneos";IPHONEOS_DEPLOYMENT_TARGET = "27.0";SWIFT_VERSION = "6.0";SWIFT_STRICT_CONCURRENCY = "complete";TARGETED_DEVICE_FAMILY = "1,2";CLANG_ENABLE_MODULES = "YES";CODE_SIGN_STYLE = "Automatic";CURRENT_PROJECT_VERSION = "2";MARKETING_VERSION = "0.1.0";ENABLE_BITCODE = "NO";ENABLE_TESTABILITY = "YES";PRODUCT_NAME = "$(TARGET_NAME)";SWIFT_EMIT_LOC_STRINGS = "YES";PRODUCT_BUNDLE_IDENTIFIER = "org.openmath.OpenMathTests";GENERATE_INFOPLIST_FILE = "YES";TEST_HOST = "$(BUILT_PRODUCTS_DIR)/OpenMath.app/$(BUNDLE_EXECUTABLE_FOLDER_PATH)/OpenMath";BUNDLE_LOADER = "$(TEST_HOST)";SWIFT_OPTIMIZATION_LEVEL = "-O";DEBUG_INFORMATION_FORMAT = "dwarf-with-dsym";SWIFT_COMPILATION_MODE = "wholemodule";}; name = Release;};
80719F1B34E930C8732BFC0E = {isa = XCConfigurationList; buildConfigurations = (2540C31445317F62571716EB,A8210E9F92E102A504874F85,); defaultConfigurationIsVisible = 0; defaultConfigurationName = Release;};
385CFDBC00EC320316994607 = {isa = PBXNativeTarget; buildConfigurationList = 80719F1B34E930C8732BFC0E; buildPhases = (086940F446412A3D59EB2C64,C44F5A3E1D4D563353EFE731,AD5229A49ACDFC0CBA48D65A,); buildRules = (); dependencies = (F26350DAFE3F19AABFD69AC4,); name = OpenMathTests; productName = OpenMathTests; productReference = 263AA7604F720BBE5B796EE5; productType = "com.apple.product-type.bundle.unit-test"; packageProductDependencies = ();};
D5236B8DD08CDD8A9C54D197 = {isa = PBXSourcesBuildPhase; buildActionMask = 2147483647; files = (D86BE71AAA77C666290125FB,); runOnlyForDeploymentPostprocessing = 0;};
5FF6AAD8EA291A29A4420AA5 = {isa = PBXFrameworksBuildPhase; buildActionMask = 2147483647; files = (); runOnlyForDeploymentPostprocessing = 0;};
E7E78E4710C08BD793FA38C6 = {isa = PBXResourcesBuildPhase; buildActionMask = 2147483647; files = (); runOnlyForDeploymentPostprocessing = 0;};
E09164BCFC0801B57D223BD7 = {isa = XCBuildConfiguration; baseConfigurationReference = CEFBEA4CEA43853D903B4A76; buildSettings = {SUPPORTS_MAC_DESIGNED_FOR_IPHONE_IPAD = "NO";ARCHS = "arm64";SUPPORTED_PLATFORMS = "iphoneos iphonesimulator";SDKROOT = "iphoneos";IPHONEOS_DEPLOYMENT_TARGET = "27.0";SWIFT_VERSION = "6.0";SWIFT_STRICT_CONCURRENCY = "complete";TARGETED_DEVICE_FAMILY = "1,2";CLANG_ENABLE_MODULES = "YES";CODE_SIGN_STYLE = "Automatic";CURRENT_PROJECT_VERSION = "2";MARKETING_VERSION = "0.1.0";ENABLE_BITCODE = "NO";ENABLE_TESTABILITY = "YES";PRODUCT_NAME = "$(TARGET_NAME)";SWIFT_EMIT_LOC_STRINGS = "YES";PRODUCT_BUNDLE_IDENTIFIER = "org.openmath.OpenMathUITests";GENERATE_INFOPLIST_FILE = "YES";TEST_TARGET_NAME = "OpenMath";SWIFT_OPTIMIZATION_LEVEL = "-Onone";DEBUG_INFORMATION_FORMAT = "dwarf";SWIFT_ACTIVE_COMPILATION_CONDITIONS = "DEBUG $(inherited)";}; name = Debug;};
37662A1CCF0034A02E177A85 = {isa = XCBuildConfiguration; baseConfigurationReference = CEFBEA4CEA43853D903B4A76; buildSettings = {SUPPORTS_MAC_DESIGNED_FOR_IPHONE_IPAD = "NO";ARCHS = "arm64";SUPPORTED_PLATFORMS = "iphoneos iphonesimulator";SDKROOT = "iphoneos";IPHONEOS_DEPLOYMENT_TARGET = "27.0";SWIFT_VERSION = "6.0";SWIFT_STRICT_CONCURRENCY = "complete";TARGETED_DEVICE_FAMILY = "1,2";CLANG_ENABLE_MODULES = "YES";CODE_SIGN_STYLE = "Automatic";CURRENT_PROJECT_VERSION = "2";MARKETING_VERSION = "0.1.0";ENABLE_BITCODE = "NO";ENABLE_TESTABILITY = "YES";PRODUCT_NAME = "$(TARGET_NAME)";SWIFT_EMIT_LOC_STRINGS = "YES";PRODUCT_BUNDLE_IDENTIFIER = "org.openmath.OpenMathUITests";GENERATE_INFOPLIST_FILE = "YES";TEST_TARGET_NAME = "OpenMath";SWIFT_OPTIMIZATION_LEVEL = "-O";DEBUG_INFORMATION_FORMAT = "dwarf-with-dsym";SWIFT_COMPILATION_MODE = "wholemodule";}; name = Release;};
2D3BBF418D850D5A7BAE9281 = {isa = XCConfigurationList; buildConfigurations = (E09164BCFC0801B57D223BD7,37662A1CCF0034A02E177A85,); defaultConfigurationIsVisible = 0; defaultConfigurationName = Release;};
D3EF7DE562F9A4A34A9A0B05 = {isa = PBXNativeTarget; buildConfigurationList = 2D3BBF418D850D5A7BAE9281; buildPhases = (D5236B8DD08CDD8A9C54D197,5FF6AAD8EA291A29A4420AA5,E7E78E4710C08BD793FA38C6,); buildRules = (); dependencies = (F26350DAFE3F19AABFD69AC4,); name = OpenMathUITests; productName = OpenMathUITests; productReference = 93E46A602338E07A8524AEF6; productType = "com.apple.product-type.bundle.ui-testing"; packageProductDependencies = ();};
244210E48437B6556980A702 = {isa = PBXProject; attributes = {BuildIndependentTargetsInParallel = YES; LastSwiftUpdateCheck = 2700; LastUpgradeCheck = 2700;}; buildConfigurationList = 8533BDEA17DCB03B13524C66; compatibilityVersion = "Xcode 14.0"; developmentRegion = zh-Hans; hasScannedForEncodings = 0; knownRegions = (en,"zh-Hans",Base,); mainGroup = 0D6E4079E36703EBD37C0072; productRefGroup = 0A3E27B8CA818264D75C8D81; projectDirPath = ""; projectRoot = ""; packageReferences = (D7ACB2E1ED8E2282F22A9486,D262FE5EC822179BD94304BF,); targets = (A172CEDCAE47474B615C54D5,385CFDBC00EC320316994607,D3EF7DE562F9A4A34A9A0B05,);};
}; rootObject = 244210E48437B6556980A702;}
