<?xml version="1.0" encoding="UTF-8"?><Scheme LastUpgradeVersion="2700" version="1.3"><BuildAction parallelizeBuildables="YES" buildImplicitDependencies="YES"><BuildActionEntries><BuildActionEntry buildForTesting="YES" buildForRunning="YES" buildForProfiling="YES" buildForArchiving="YES" buildForAnalyzing="YES"><BuildableReference BuildableIdentifier="primary" BlueprintIdentifier="A172CEDCAE47474B615C54D5" BuildableName="OpenMath.app" BlueprintName="OpenMath" ReferencedContainer="container:OpenMath.xcodeproj"/></BuildActionEntry></BuildActionEntries></BuildAction><TestAction buildConfiguration="Debug" selectedDebuggerIdentifier="Xcode.DebuggerFoundation.Debugger.LLDB" selectedLauncherIdentifier="Xcode.IDEFoundation.Launcher.LLDB" shouldUseLaunchSchemeArgsEnv="YES"><Testables><TestableReference skipped="NO"><BuildableReference BuildableIdentifier="primary" BlueprintIdentifier="385CFDBC00EC320316994607" BuildableName="OpenMathTests.xctest" BlueprintName="OpenMathTests" ReferencedContainer="container:OpenMath.xcodeproj"/></TestableReference><TestableReference skipped="NO"><BuildableReference BuildableIdentifier="primary" BlueprintIdentifier="D3EF7DE562F9A4A34A9A0B05" BuildableName="OpenMathUITests.xctest" BlueprintName="OpenMathUITests" ReferencedContainer="container:OpenMath.xcodeproj"/></TestableReference></Testables></TestAction><LaunchAction buildConfiguration="Debug" selectedDebuggerIdentifier="Xcode.DebuggerFoundation.Debugger.LLDB" selectedLauncherIdentifier="Xcode.IDEFoundation.Launcher.LLDB" launchStyle="0" useCustomWorkingDirectory="NO" ignoresPersistentStateOnLaunch="NO" debugDocumentVersioning="YES" debugServiceExtension="internal" allowLocationSimulation="YES"><BuildableProductRunnable runnableDebuggingMode="0"><BuildableReference BuildableIdentifier="primary" BlueprintIdentifier="A172CEDCAE47474B615C54D5" BuildableName="OpenMath.app" BlueprintName="OpenMath" ReferencedContainer="container:OpenMath.xcodeproj"/></BuildableProductRunnable></LaunchAction><ProfileAction buildConfiguration="Release" shouldUseLaunchSchemeArgsEnv="YES" savedToolIdentifier="" useCustomWorkingDirectory="NO" debugDocumentVersioning="YES"><BuildableProductRunnable runnableDebuggingMode="0"><BuildableReference BuildableIdentifier="primary" BlueprintIdentifier="A172CEDCAE47474B615C54D5" BuildableName="OpenMath.app" BlueprintName="OpenMath" ReferencedContainer="container:OpenMath.xcodeproj"/></BuildableProductRunnable></ProfileAction><AnalyzeAction buildConfiguration="Debug"/><ArchiveAction buildConfiguration="Release" revealArchiveInOrganizer="YES"/></Scheme>