// !$*UTF8*$!
{archiveVersion = 1; classes = {}; objectVersion = 56; objects = {
0003DEA7E455195AD61C17F6 = {isa = PBXFileReference; lastKnownFileType = sourcecode.swift; path = "OpenMathNative/Generated/Contracts/EvaluateScratch.swift"; sourceTree = "<group>";};
0104391A3A149F097D6024A1 = {isa = PBXResourcesBuildPhase; buildActionMask = 2147483647; files = (6FE6C1ABC34E082DD29101F1,); runOnlyForDeploymentPostprocessing = 0;};
01E24A9A2B1839FC7063D55E = {isa = PBXFileReference; lastKnownFileType = sourcecode.swift; path = "OpenMathNative/Generated/Contracts/SourceFencedType.swift"; sourceTree = "<group>";};
02668DA16DDDCA7094414672 = {isa = PBXFileReference; lastKnownFileType = sourcecode.swift; path = "OpenMathNative/Generated/Contracts/ScrollAnchorRecordType.swift"; sourceTree = "<group>";};
04282682CADC079AFD83339F = {isa = PBXFileReference; lastKnownFileType = sourcecode.swift; path = "OpenMathNative/Generated/Contracts/PreviewNewCell.swift"; sourceTree = "<group>";};
0490876378803D0086AFDC86 = {isa = PBXFileReference; lastKnownFileType = sourcecode.swift; path = "OpenMathNative/Generated/Contracts/KernelStatus.swift"; sourceTree = "<group>";};
04AB2BF664EF70C63A479DF9 = {isa = PBXBuildFile; fileRef = 0E3BCE9E7076A71E1D99B391;};
06056F1CD04727C679BB4C21 = {isa = PBXFileReference; lastKnownFileType = sourcecode.swift; path = "OpenMathNative/Generated/Contracts/OperationReceiptPhase.swift"; sourceTree = "<group>";};
06701746D62C0943FD493FF8 = {isa = PBXBuildFile; fileRef = 1E7FD5661C507BF4A3544B43;};
06C293E522BAA27335413366 = {isa = PBXBuildFile; fileRef = 0C528A004365C9731F8CDE35;};
07C090CF7E94E60118E9FB31 = {isa = PBXBuildFile; fileRef = 299990A91BAE748E5FF9198F;};
07E9FB2484A9AA3E624D926E = {isa = PBXFileReference; lastKnownFileType = sourcecode.swift; path = "OpenMathNative/Generated/Contracts/NativeSourceCommit.swift"; sourceTree = "<group>";};
088210BF213198CCA8841658 = {isa = PBXBuildFile; fileRef = C3F42A1F59324B29BD29578B;};
092A4868BBDD1EE22161847A = {isa = PBXFileReference; lastKnownFileType = sourcecode.swift; path = "OpenMathNative/Generated/Contracts/DocumentBinding.swift"; sourceTree = "<group>";};
0952644C9E9F21C336AD497D = {isa = PBXBuildFile; fileRef = 092A4868BBDD1EE22161847A;};
0AFD4D8F3D4A27F932E6262E = {isa = PBXFileReference; explicitFileType = wrapper.application; path = "OpenMath Preview.app"; sourceTree = BUILT_PRODUCTS_DIR;};
0B43C2CBDB694C83D687EAC1 = {isa = PBXFileReference; lastKnownFileType = sourcecode.swift; path = "OpenMathNative/Generated/Contracts/AgentTaskStateMode.swift"; sourceTree = "<group>";};
0BD6292FCDDE3E694D982298 = {isa = PBXBuildFile; fileRef = 39D9E66421F468A889E7F2C4;};
0C528A004365C9731F8CDE35 = {isa = PBXFileReference; lastKnownFileType = sourcecode.swift; path = "OpenMathNative/Generated/Contracts/OperationReceiptDetailsRetention.swift"; sourceTree = "<group>";};
0C7B8A0789F0F69207E773FE = {isa = PBXFileReference; lastKnownFileType = sourcecode.swift; path = "OpenMathNative/Generated/Contracts/DocumentCommit.swift"; sourceTree = "<group>";};
0CFA7278477EA6FC4AED9AE9 = {isa = PBXFileReference; lastKnownFileType = sourcecode.swift; path = "OpenMathNative/Generated/Contracts/NativeKernelHostReply.swift"; sourceTree = "<group>";};
0D5B8ED3A50A469C77585E77 = {isa = PBXFileReference; lastKnownFileType = sourcecode.swift; path = "OpenMathNative/Generated/Contracts/SourceSettledType.swift"; sourceTree = "<group>";};
0E3BCE9E7076A71E1D99B391 = {isa = PBXFileReference; lastKnownFileType = sourcecode.swift; path = "OpenMathNative/Generated/Contracts/DiagnosticViewFix.swift"; sourceTree = "<group>";};
0E99F39E7214BD0BEF321DDC = {isa = PBXBuildFile; fileRef = DA0C06628867415BF985A459;};
0EB2B86BE1BADB5E47EC27DE = {isa = PBXFileReference; lastKnownFileType = sourcecode.swift; path = "OpenMathNative/Generated/Contracts/NativePreviewDiagnostic.swift"; sourceTree = "<group>";};
0EB47723A346DD8D099B6D2D = {isa = PBXBuildFile; fileRef = 308E523DDAC15143CFA08B9C;};
0EDF4938A236FCE5258A91EE = {isa = PBXBuildFile; fileRef = 55BAAE69615B697411D4E664;};
0EF7CE8FCE7A180FB35117C1 = {isa = PBXFileReference; lastKnownFileType = sourcecode.swift; path = "OpenMathNative/Generated/Contracts/HostErrorCode.swift"; sourceTree = "<group>";};
0FE4A6606CE6BC157ECBA803 = {isa = PBXBuildFile; fileRef = C3BBC279789E00DD27ACDED3;};
107530441A7723586339E9AA = {isa = PBXBuildFile; fileRef = E11849EB0B613C68EB8511B3;};
109E6A993C307DA21A1FE86C = {isa = PBXFileReference; lastKnownFileType = sourcecode.swift; path = "OpenMathNative/Generated/Contracts/OperationReceipt.swift"; sourceTree = "<group>";};
110031AD7A977AA43C59A6C0 = {isa = PBXBuildFile; fileRef = 33E721157EB0B09DEADD40DA;};
1156E929261971D2A01C2972 = {isa = PBXBuildFile; fileRef = E2ACA6636898DAE77448A187;};
1177FAC2A5428074D2DED9AD = {isa = PBXBuildFile; fileRef = A90BE275C9A0794F3FDC8485;};
11F6DED33CA7C18B6A17D95C = {isa = PBXBuildFile; fileRef = 7FFE06F0E08FC728F384B701;};
12A04732D65B451B8C33F1B6 = {isa = PBXBuildFile; fileRef = C0ED940923E5188D016CC57F;};
12B6E496B4B3F0524EC68753 = {isa = PBXBuildFile; fileRef = C3C96F27295065D7807113F5;};
12EC653A4A20DD61FCAF0B66 = {isa = PBXFileReference; lastKnownFileType = sourcecode.swift; path = "OpenMathNative/Generated/Contracts/GhostCandidatePhase.swift"; sourceTree = "<group>";};
1326B3950D52AEB6F70F7F52 = {isa = PBXBuildFile; fileRef = 109E6A993C307DA21A1FE86C;};
13366B627BB8BC819EBF9083 = {isa = PBXFileReference; lastKnownFileType = sourcecode.swift; path = "OpenMathNative/Generated/Contracts/PreviewSourceInputKind.swift"; sourceTree = "<group>";};
13B9D8138392B437B7BF0EAC = {isa = PBXBuildFile; fileRef = 78953D264D0B8C2BD308AE62;};
13D87C9BBF6A6885215E7A10 = {isa = PBXFileReference; lastKnownFileType = sourcecode.swift; path = "OpenMathNative/Generated/Contracts/MarkdownSpanMapping.swift"; sourceTree = "<group>";};
14F2C9D131885F4F78188B47 = {isa = PBXBuildFile; fileRef = 55C02D33B16E0D6462AE6969;};
157D72391C6611085775A74A = {isa = PBXBuildFile; fileRef = BFC8FA8B1DF5BCB95555613E;};
15A8F314B97756485D58AA15 = {isa = PBXBuildFile; fileRef = EF64EE2A36205D13DA07B06F;};
15BDE9DF655C2672808CB0EB = {isa = PBXBuildFile; fileRef = FAA56B8393E6542B0320DB8D;};
16E48942CE7AA3CE8E609F33 = {isa = PBXBuildFile; fileRef = F195F1E27BD22924292EF49B;};
16F6FF784DBBC40ECBFD742F = {isa = PBXBuildFile; fileRef = DE74A33260EACBD353332D37;};
16FB0E0D306473F0B1DCB42F = {isa = PBXBuildFile; fileRef = 2D1D43D2A7E3F83A9B032BA0;};
173E4AF30077C05910008B34 = {isa = PBXBuildFile; fileRef = 7B91DA68D595C35B2AF6FE0C;};
17A150B7DFAE6FBB2FC0FD2D = {isa = PBXBuildFile; fileRef = D3ABFB4F254FAF2297A0DCE7;};
17E723DA3DB84F84873655D4 = {isa = PBXBuildFile; fileRef = 86B2BFF73E6D996B466E0838;};
181CED4B665D301887BFBB65 = {isa = PBXFileReference; lastKnownFileType = sourcecode.swift; path = "OpenMathNative/Generated/Contracts/DiagnosticViewLocationState.swift"; sourceTree = "<group>";};
186D4A58080E35E120F95FDC = {isa = PBXFileReference; lastKnownFileType = sourcecode.swift; path = "OpenMathNative/Storage/SourceHistoryStore.swift"; sourceTree = "<group>";};
190F8EF1ED7A903028474964 = {isa = PBXFileReference; lastKnownFileType = sourcecode.swift; path = "OpenMathNative/Generated/Contracts/KernelBarrier.swift"; sourceTree = "<group>";};
195F7F2B0AF610270E27772D = {isa = PBXFileReference; lastKnownFileType = sourcecode.swift; path = "OpenMathNative/Generated/Contracts/NativeSourceCell.swift"; sourceTree = "<group>";};
1AA14EA51BEA4022A8C905DD = {isa = PBXFileReference; lastKnownFileType = sourcecode.swift; path = "OpenMathNative/Generated/Contracts/NativeResultHostReplyPhase.swift"; sourceTree = "<group>";};
1AE28C59354ABC72E22FF9C0 = {isa = PBXBuildFile; fileRef = 2E786FF8712F741120E696F4;};
1AED7A60737C026C812F7663 = {isa = PBXBuildFile; fileRef = 22374B046D7384E665BDDBA7;};
1C524DCA6B9D5AD2470DDA8D = {isa = PBXFileReference; lastKnownFileType = sourcecode.swift; path = "OpenMathNative/Generated/Contracts/ResultBindingAcceptance.swift"; sourceTree = "<group>";};
1C7809045197A0CEB6D0F468 = {isa = PBXBuildFile; fileRef = 70A420E21536271CAD9AAD70;};
1CC6C450AFEEA59778B652DC = {isa = PBXBuildFile; fileRef = 8280E69D55CABE2E40DCD242;};
1CCEAECE3EF5675D2C105C7E = {isa = PBXBuildFile; fileRef = 01E24A9A2B1839FC7063D55E;};
1D07C3C348928DE671E0472D = {isa = PBXBuildFile; fileRef = 8FA76FBDA9B5B1551340AF05;};
1D515708D6F412CDFDAC202D = {isa = PBXFileReference; lastKnownFileType = sourcecode.swift; path = "OpenMathNative/Generated/Contracts/NativeSourceFile.swift"; sourceTree = "<group>";};
1E324491152DC078CEC0884A = {isa = PBXFileReference; lastKnownFileType = sourcecode.swift; path = "OpenMathNative/Generated/Contracts/OperationPhase.swift"; sourceTree = "<group>";};
1E5FD83FD9C282FDCC07E250 = {isa = PBXFileReference; lastKnownFileType = sourcecode.swift; path = "OpenMathNative/Generated/Contracts/SourceRead.swift"; sourceTree = "<group>";};
1E7FD5661C507BF4A3544B43 = {isa = PBXFileReference; lastKnownFileType = sourcecode.swift; path = "OpenMathNative/Generated/Contracts/HostOperationStatusPhase.swift"; sourceTree = "<group>";};
1EBB714E3264C8A891DBC2DD = {isa = PBXBuildFile; fileRef = 4DB3B25F37D37694B62FB3DC;};
1F1B449D30D098055B11C54D = {isa = PBXBuildFile; fileRef = D1F5BAE1E8001154A506A44C;};
20683385F3E1DCAC6994E89A = {isa = PBXBuildFile; fileRef = 402ACE78750AF7E05D997BAA;};
208E042B1C4FDFA975400CAF = {isa = PBXFileReference; lastKnownFileType = sourcecode.swift; path = "OpenMathNative/Generated/Contracts/InsertSourceCellKind.swift"; sourceTree = "<group>";};
20F2E70A954F9CCB5731322A = {isa = PBXFileReference; lastKnownFileType = sourcecode.swift; path = "OpenMathNative/Generated/Contracts/NativeSourceHostReply.swift"; sourceTree = "<group>";};
210E3C74D93BDABCB36C48D9 = {isa = PBXBuildFile; fileRef = D3B58C90ABF9FDDA9AA31715;};
2116B080812DAD5A77CD253E = {isa = PBXBuildFile; fileRef = 703D02D3DA46F24EEE8721C2;};
211E95B369BE097A0D1C9CE9 = {isa = PBXFileReference; lastKnownFileType = sourcecode.swift; path = "OpenMathNative/Generated/Contracts/DeleteSourceCellsKind.swift"; sourceTree = "<group>";};
21787C2437CFA0302250D9F4 = {isa = PBXFileReference; lastKnownFileType = sourcecode.swift; path = "OpenMathNative/Generated/Contracts/SourceRecoverUndoType.swift"; sourceTree = "<group>";};
219ED5D4AA1464A7DF6F6A66 = {isa = PBXBuildFile; fileRef = 4922896E305D325C1426F92E;};
21CBACFB7434B6A7FE083A8A = {isa = PBXBuildFile; fileRef = C2AF3B99EFB2C213CBF89213;};
2225AD659BF293F69FCC458E = {isa = PBXBuildFile; fileRef = 7B09D25A9883EDEB4C14B69F;};
222A63AF76E8A9C8CEADF117 = {isa = PBXFileReference; lastKnownFileType = sourcecode.swift; path = "OpenMathNative/Generated/Contracts/Camera2DRecordType.swift"; sourceTree = "<group>";};
22374B046D7384E665BDDBA7 = {isa = PBXFileReference; lastKnownFileType = sourcecode.swift; path = "OpenMathNative/Generated/Contracts/SourceBarrierType.swift"; sourceTree = "<group>";};
226C96F7A5B325D084B0C85F = {isa = PBXFileReference; lastKnownFileType = sourcecode.swift; path = "OpenMathNative/Generated/Contracts/NativeKernelHostCommand.swift"; sourceTree = "<group>";};
228B13D90435E5D97CF8D309 = {isa = PBXBuildFile; fileRef = ECCD87D661C87F28ACCDDA31;};
233A1BB4D518302462A7030C = {isa = PBXBuildFile; fileRef = DE0CCE394C3E5B5258EFCF23;};
237604E21984BBBC9410417A = {isa = PBXBuildFile; fileRef = 0490876378803D0086AFDC86;};
24218CBB9040B132D2E4CDC8 = {isa = PBXBuildFile; fileRef = 36F3BD3BAF7C1B14D2F147CB;};
2448EBADCE2237E0F9C9AE36 = {isa = PBXBuildFile; fileRef = FA086A571B964270CC5C5B32;};
24A036191D3923259678D948 = {isa = PBXFileReference; lastKnownFileType = sourcecode.swift; path = "OpenMathNative/Generated/Contracts/DocumentPhase.swift"; sourceTree = "<group>";};
24B1367FB3ED0A7A67831985 = {isa = PBXFileReference; lastKnownFileType = sourcecode.swift; path = "OpenMathNative/Generated/Contracts/HostRequestBody.swift"; sourceTree = "<group>";};
267920F734604A9164743149 = {isa = PBXBuildFile; fileRef = 689E4F47F1E5961833B787A4;};
267B9EEE7A3E00DF362E0F0E = {isa = PBXBuildFile; fileRef = 6352956ADB25AC832C327B79;};
269D5E21E75E29A1624BBAB0 = {isa = PBXBuildFile; fileRef = 24A036191D3923259678D948;};
275FD526A82FBB8E52F7EAD4 = {isa = PBXBuildFile; fileRef = 792A21FB79F87FF710E2E8E5;};
28B174F15C025FD3BE8A8667 = {isa = PBXFileReference; lastKnownFileType = sourcecode.swift; path = "OpenMathNative/Generated/Contracts/ReadFunctionCatalogKind.swift"; sourceTree = "<group>";};
29006063FDDD04165BA09E63 = {isa = PBXBuildFile; fileRef = 69CBA30B7BF0343ED7F15D67;};
297414382191AC280EE4443F = {isa = PBXFileReference; lastKnownFileType = sourcecode.swift; path = "OpenMathNative/Generated/Contracts/NativeRange.swift"; sourceTree = "<group>";};
299990A91BAE748E5FF9198F = {isa = PBXFileReference; lastKnownFileType = sourcecode.swift; path = "OpenMathNative/Generated/Contracts/PreviewUpdateCellKind.swift"; sourceTree = "<group>";};
2A1B0570B88391EE74E3B7AE = {isa = PBXFileReference; lastKnownFileType = sourcecode.swift; path = "OpenMathNative/Generated/Contracts/GhostCandidate.swift"; sourceTree = "<group>";};
2AAD875777A318D1ECB7B6B7 = {isa = PBXFileReference; lastKnownFileType = sourcecode.swift; path = "OpenMathNative/Generated/Contracts/AgentTaskState.swift"; sourceTree = "<group>";};
2AFED2BCDC516A5875171626 = {isa = PBXFileReference; lastKnownFileType = sourcecode.swift; path = "OpenMathNative/Generated/Contracts/InspectResultPageKind.swift"; sourceTree = "<group>";};
2B785AE579C2CE6DFB1CB798 = {isa = PBXFileReference; lastKnownFileType = sourcecode.swift; path = "OpenMathNative/Generated/Contracts/EditorSnapshot.swift"; sourceTree = "<group>";};
2B89BF28218C09CBD0A75AE3 = {isa = PBXFileReference; lastKnownFileType = sourcecode.swift; path = "OpenMathNative/Generated/Contracts/ReadHostStateKind.swift"; sourceTree = "<group>";};
2C82DDF69D4F63BE65FA4A19 = {isa = PBXBuildFile; fileRef = 5111A977DD3BA6D19D5B632B;};
2D02662D2556B12AE91BA84D = {isa = PBXBuildFile; fileRef = 07E9FB2484A9AA3E624D926E;};
2D1D43D2A7E3F83A9B032BA0 = {isa = PBXFileReference; lastKnownFileType = sourcecode.swift; path = "OpenMathNative/Generated/Contracts/KernelStateType.swift"; sourceTree = "<group>";};
2E50B56A589A7FF73DDDFF4C = {isa = PBXBuildFile; fileRef = CDDEC5B881D52C9A056BFD6D;};
2E786FF8712F741120E696F4 = {isa = PBXFileReference; lastKnownFileType = sourcecode.swift; path = "OpenMathNative/Generated/Contracts/KernelSettled.swift"; sourceTree = "<group>";};
2E9FCA092D0689BFEC6227B0 = {isa = PBXBuildFile; fileRef = 5A2AE3B3C59537A8978DE4F2;};
2F2197A85874D28391F0AB05 = {isa = PBXBuildFile; fileRef = C4B55645142D6310DB150548;};
2F7570F1E47C85AE4CC24829 = {isa = PBXBuildFile; fileRef = 4CC2669681928D46711A4CDE;};
308E523DDAC15143CFA08B9C = {isa = PBXFileReference; lastKnownFileType = sourcecode.swift; path = "OpenMathNative/Generated/Contracts/EventEnvelopeEventKind.swift"; sourceTree = "<group>";};
30E63CAEFD848655D64F26DF = {isa = PBXBuildFile; fileRef = 31FC29E5E6EA032177DE73B1;};
31FC29E5E6EA032177DE73B1 = {isa = PBXFileReference; lastKnownFileType = sourcecode.swift; path = "OpenMathNative/Generated/Contracts/NativePreviewArgs.swift"; sourceTree = "<group>";};
326EA07AFC4B2395389E135A = {isa = PBXFileReference; lastKnownFileType = sourcecode.swift; path = "OpenMathNative/Generated/Contracts/ReadHostCapabilitiesKind.swift"; sourceTree = "<group>";};
3310041018DB93CA259A012E = {isa = PBXFileReference; lastKnownFileType = sourcecode.swift; path = "OpenMathNative/Generated/Contracts/SourceSnapshotRefType.swift"; sourceTree = "<group>";};
33E721157EB0B09DEADD40DA = {isa = PBXFileReference; lastKnownFileType = sourcecode.swift; path = "OpenMathNative/Generated/Contracts/KernelUnknown.swift"; sourceTree = "<group>";};
34EEA21BBAD30978D2DE240B = {isa = PBXBuildFile; fileRef = F5D81180645C1857521514EE;};
35D08946D1A23C48536EBA88 = {isa = PBXFileReference; lastKnownFileType = sourcecode.swift; path = "OpenMathNative/Generated/Contracts/AnalysisRequest.swift"; sourceTree = "<group>";};
360DE78FDBEC2D799F301292 = {isa = PBXFileReference; lastKnownFileType = sourcecode.swift; path = "OpenMathNative/Generated/Contracts/MathRenderPlanStyle.swift"; sourceTree = "<group>";};
3650AEBCF426A4E2B63F1678 = {isa = PBXBuildFile; fileRef = D4CA9D5A2E6255358C2EB4EA;};
36775E400CD766D78739C230 = {isa = PBXFileReference; lastKnownFileType = sourcecode.swift; path = "OpenMathNative/Generated/Contracts/PreviewPatchInputKind.swift"; sourceTree = "<group>";};
36CA79EA3AF5484CF7F88FA5 = {isa = PBXBuildFile; fileRef = 0D5B8ED3A50A469C77585E77;};
36F3BD3BAF7C1B14D2F147CB = {isa = PBXFileReference; lastKnownFileType = sourcecode.swift; path = "OpenMathNative/Generated/Contracts/ResultRevokeType.swift"; sourceTree = "<group>";};
371D1EF69D5316CF3917B16F = {isa = PBXFileReference; lastKnownFileType = sourcecode.swift; path = "OpenMathNative/Generated/Contracts/InspectResultGeometryPageKind.swift"; sourceTree = "<group>";};
380499070CDCF2E9B9394B68 = {isa = PBXBuildFile; fileRef = 222A63AF76E8A9C8CEADF117;};
3920C694D3E6A3F5762A6279 = {isa = PBXFileReference; lastKnownFileType = sourcecode.swift; path = "OpenMathNative/Generated/Contracts/EditorSnapshotComposition.swift"; sourceTree = "<group>";};
394A1B231F1D2F70B43B55F9 = {isa = PBXBuildFile; fileRef = D5F6793DE977FB0E75C36796;};
3965D7BF0F5A4BB751473DFB = {isa = PBXBuildFile; fileRef = 6833DFF2BD758F6A25B98493;};
39D9E66421F468A889E7F2C4 = {isa = PBXFileReference; lastKnownFileType = sourcecode.swift; path = "OpenMathNative/Generated/Contracts/PreviewUpdateCell.swift"; sourceTree = "<group>";};
39FDC7191B529417111960C8 = {isa = PBXBuildFile; fileRef = AC9C9B53E281FE583CA93E46;};
3A0A9F0C6B00D941B7013706 = {isa = PBXFileReference; lastKnownFileType = sourcecode.swift; path = "OpenMathNative/Generated/Contracts/Dialect.swift"; sourceTree = "<group>";};
3A3DE9CCB24CBCBB2B3BA840 = {isa = PBXBuildFile; fileRef = 211E95B369BE097A0D1C9CE9;};
3A4C8B6F7CCD40069AD0F95F = {isa = PBXBuildFile; fileRef = F2B8B23D7ABF6C4285F5B723;};
3AB65A14ACE39968052FD264 = {isa = PBXFileReference; lastKnownFileType = sourcecode.swift; path = "OpenMathNative/Generated/Contracts/ResultManifest.swift"; sourceTree = "<group>";};
3BFF069DFFB8237120F52AE5 = {isa = PBXBuildFile; fileRef = E7BA7DF08FFE1593CE2562CD;};
3C12422131B0E4416212A438 = {isa = PBXBuildFile; fileRef = 836C408AF46049B6AF9F62E9;};
3D1FF52F088EB335679C56ED = {isa = PBXFileReference; lastKnownFileType = sourcecode.swift; path = "OpenMathNative/Generated/Contracts/PiPhase.swift"; sourceTree = "<group>";};
3ED86611480889690F3C4347 = {isa = PBXBuildFile; fileRef = B89574B7563E49FB702BDB16;};
3EE60E7749FAF073E9A024BD = {isa = PBXFileReference; lastKnownFileType = sourcecode.swift; path = "OpenMathNative/Generated/Contracts/PreviewRenameNotebook.swift"; sourceTree = "<group>";};
3F3395708FBBC69352F84AC6 = {isa = PBXBuildFile; fileRef = 68D658BDC2C498E547096BD0;};
3F37BA9ADDB84F2418C4A564 = {isa = PBXBuildFile; fileRef = 3EE60E7749FAF073E9A024BD;};
3F4113F5576FA28DAC3E6B62 = {isa = PBXBuildFile; fileRef = CDFCF38271019F2AEFEED88F;};
3F71E32E29A96AEB44DA7BDF = {isa = PBXFileReference; lastKnownFileType = sourcecode.swift; path = "OpenMathNative/Generated/Contracts/OperationReceiptOperationKind.swift"; sourceTree = "<group>";};
3FBD55DE44AEBD315C878C6D = {isa = PBXBuildFile; fileRef = EF2B9144B81C26AF7D36CEBC;};
3FCEE29617E759E3E6C800E7 = {isa = PBXFileReference; lastKnownFileType = sourcecode.swift; path = "OpenMathNative/Generated/Contracts/KernelReadBlob.swift"; sourceTree = "<group>";};
402ACE78750AF7E05D997BAA = {isa = PBXFileReference; lastKnownFileType = sourcecode.swift; path = "OpenMathNative/Generated/Contracts/Camera2D.swift"; sourceTree = "<group>";};
4048B7F5ACC56B220B7DAF6B = {isa = PBXFileReference; lastKnownFileType = sourcecode.swift; path = "OpenMathNative/Generated/Contracts/SaveState.swift"; sourceTree = "<group>";};
40BF4D1FC7DA67BE3FC409EB = {isa = PBXFileReference; lastKnownFileType = sourcecode.swift; path = "OpenMathNative/Generated/Contracts/SourceCompleted.swift"; sourceTree = "<group>";};
40DC5DC50D72C91C0CA117BB = {isa = PBXBuildFile; fileRef = 9366F9E38445B7A4F96C2D8B;};
40E2DD65812DBDDEF1383C39 = {isa = PBXBuildFile; fileRef = BCACFD83B935F1DF4F44FA74;};
40F2781D6320AB7BEE20EB02 = {isa = PBXFileReference; lastKnownFileType = sourcecode.swift; path = "OpenMathNative/Generated/Contracts/KernelRunCellType.swift"; sourceTree = "<group>";};
40FEFDBA9E1897D8EE5EC275 = {isa = PBXBuildFile; fileRef = 6B5633BE6A72D11364C19C48;};
41E97C00A12F463F59258AA0 = {isa = PBXBuildFile; fileRef = 326EA07AFC4B2395389E135A;};
41F0651BC389EDADAC00B853 = {isa = PBXBuildFile; fileRef = A7FA414CD4FFCC45F9672562;};
42355E8E2215274D535168E5 = {isa = PBXFileReference; lastKnownFileType = sourcecode.swift; path = "OpenMathNative/Generated/Contracts/NativeSourceHostCommand.swift"; sourceTree = "<group>";};
44E685546AE60F549A95D383 = {isa = PBXBuildFile; fileRef = 13D87C9BBF6A6885215E7A10;};
44F5DCF6A92E564D27064B68 = {isa = PBXBuildFile; fileRef = 98C70BDB33D42A12995ADA6E;};
4515101C40158E3F6603AF27 = {isa = PBXFileReference; lastKnownFileType = sourcecode.swift; path = "OpenMathNative/Generated/Contracts/AcknowledgeIOKind.swift"; sourceTree = "<group>";};
4643BE61700E612233C176AD = {isa = PBXBuildFile; fileRef = D71A43E5831BDF36ADA94A11;};
464A819A99B907667EA52377 = {isa = PBXBuildFile; fileRef = 7A1E4A6CC62723D82432C2B0;};
467C33DDFCC64A04F53C480A = {isa = PBXFileReference; lastKnownFileType = sourcecode.swift; path = "OpenMathNative/Storage/DocumentSchema.swift"; sourceTree = "<group>";};
468062B4A14B38E4E683F9F1 = {isa = PBXFileReference; lastKnownFileType = sourcecode.swift; path = "OpenMathNative/Generated/Contracts/DraftState.swift"; sourceTree = "<group>";};
480B8A599F511C4567791856 = {isa = PBXFileReference; lastKnownFileType = sourcecode.swift; path = "OpenMathNative/Generated/Contracts/ResultBindingFreshness.swift"; sourceTree = "<group>";};
482DCE4E9FB03E6645CEAA1F = {isa = PBXFileReference; lastKnownFileType = sourcecode.swift; path = "OpenMathNative/Generated/Contracts/InspectResultSourceFormat.swift"; sourceTree = "<group>";};
4844D767F711E28CDEAC2349 = {isa = PBXBuildFile; fileRef = 195F7F2B0AF610270E27772D;};
4919E0F362599BDA1B1C7763 = {isa = PBXBuildFile; fileRef = F00FA0C293425AC9F2EF1B7F;};
4922896E305D325C1426F92E = {isa = PBXFileReference; lastKnownFileType = sourcecode.swift; path = "OpenMathNative/Generated/Contracts/SourceFenced.swift"; sourceTree = "<group>";};
4928E354A8E2883F0419E6D7 = {isa = PBXBuildFile; fileRef = 705A72B39C7295003DD824A0;};
4B4B5C8617E577C8F2B14375 = {isa = PBXBuildFile; fileRef = 651F120E2A688800C1D380EF;};
4B698B818BE65CEB7921861C = {isa = PBXBuildFile; fileRef = 2B785AE579C2CE6DFB1CB798;};
4C11290DF6D38147A276E955 = {isa = PBXBuildFile; fileRef = 8A09DB07A9364FE4EA13D463;};
4CC2669681928D46711A4CDE = {isa = PBXFileReference; lastKnownFileType = sourcecode.swift; path = "OpenMathNative/Generated/Contracts/RenameSourceNotebook.swift"; sourceTree = "<group>";};
4D465DCB6E9BA0D60FE73308 = {isa = PBXBuildFile; fileRef = ED2A064FF727931B7C9957AA;};
4D5C2AE3348DB430768AB400 = {isa = PBXFileReference; lastKnownFileType = sourcecode.swift; path = "OpenMathNative/Generated/Contracts/NativeSourceSnapshot.swift"; sourceTree = "<group>";};
4DB3B25F37D37694B62FB3DC = {isa = PBXFileReference; lastKnownFileType = sourcecode.swift; path = "OpenMathNative/Generated/Contracts/AnalysisRequestRecordType.swift"; sourceTree = "<group>";};
4DF55A6BEBDAE5F3F5C8143C = {isa = PBXBuildFile; fileRef = 360DE78FDBEC2D799F301292;};
4E26E27647E72B5F4721D1FC = {isa = PBXBuildFile; fileRef = 20F2E70A954F9CCB5731322A;};
4E6C57CB19C0EEB92F1226D4 = {isa = PBXBuildFile; fileRef = 7659E83A9F2506AA524D1F21;};
4F27FD954616BFEB95000A24 = {isa = PBXFileReference; lastKnownFileType = sourcecode.swift; path = "OpenMathNative/NativeHostClient.swift"; sourceTree = "<group>";};
50A19A5420748C06723F6E69 = {isa = PBXFileReference; lastKnownFileType = sourcecode.swift; path = "OpenMathNative/Storage/SourceHashes.swift"; sourceTree = "<group>";};
5111A977DD3BA6D19D5B632B = {isa = PBXFileReference; lastKnownFileType = sourcecode.swift; path = "OpenMathNative/Generated/Contracts/NativeResultHostReply.swift"; sourceTree = "<group>";};
518F17666F91103A82D00B68 = {isa = PBXBuildFile; fileRef = BA95FE61AAAA129C6A8E19F4;};
51DC84324A5BA80468B823C2 = {isa = PBXFileReference; lastKnownFileType = sourcecode.swift; path = "OpenMathNative/Generated/Contracts/HostPhase.swift"; sourceTree = "<group>";};
538C11C536A87E2B062DAD02 = {isa = PBXFileReference; lastKnownFileType = sourcecode.swift; path = "OpenMathNative/Generated/Contracts/LocalCompletionOrigin.swift"; sourceTree = "<group>";};
53C1C1504CBA74FA098A8296 = {isa = PBXBuildFile; fileRef = AD2318525B2C40CCED97859F;};
543830AC71396E1B077EAA89 = {isa = PBXFileReference; lastKnownFileType = sourcecode.swift; path = "OpenMathNative/Generated/Contracts/ResultStatus.swift"; sourceTree = "<group>";};
54BF6A240150A6891ED3D05A = {isa = PBXFileReference; lastKnownFileType = sourcecode.swift; path = "OpenMathNative/Generated/Contracts/ReadHostCapabilities.swift"; sourceTree = "<group>";};
555637F8990D878644830413 = {isa = PBXBuildFile; fileRef = 1E324491152DC078CEC0884A;};
5559FF27D5BE5CE83524C283 = {isa = PBXBuildFile; fileRef = 626CA872C56CF96239B93E1D;};
559E0E9514369C56B27E5BB0 = {isa = PBXFileReference; lastKnownFileType = sourcecode.swift; path = "OpenMathNative/Generated/Contracts/PreviewMoveCellType.swift"; sourceTree = "<group>";};
55BAAE69615B697411D4E664 = {isa = PBXFileReference; lastKnownFileType = sourcecode.swift; path = "OpenMathNative/Generated/Contracts/NativeCalculationSettingsConstants.swift"; sourceTree = "<group>";};
55C02D33B16E0D6462AE6969 = {isa = PBXFileReference; lastKnownFileType = sourcecode.swift; path = "OpenMathNative/Generated/Contracts/InspectResultSourceKind.swift"; sourceTree = "<group>";};
56233DB4C45B673724943D7C = {isa = PBXBuildFile; fileRef = 1AA14EA51BEA4022A8C905DD;};
56D5BE90FFDA86D5F3A08289 = {isa = PBXFileReference; lastKnownFileType = sourcecode.swift; path = "OpenMathNative/Generated/Contracts/IOAckOutcome.swift"; sourceTree = "<group>";};
581873A064426D27C8D0E078 = {isa = PBXBuildFile; fileRef = 54BF6A240150A6891ED3D05A;};
58EF713A514493EB577EDB3D = {isa = PBXBuildFile; fileRef = F2E908B6B218E689151257AF;};
59B4318E91496233FC17651B = {isa = PBXFileReference; lastKnownFileType = sourcecode.swift; path = "OpenMathNative/Generated/Contracts/EventEnvelope.swift"; sourceTree = "<group>";};
59D280144C6914DF7E4F949C = {isa = PBXBuildFile; fileRef = B286717F3DA9AE14B0879555;};
59F801D8CA363229D13F438F = {isa = PBXFileReference; lastKnownFileType = sourcecode.swift; path = "OpenMathNative/Generated/Contracts/InvocationBinding.swift"; sourceTree = "<group>";};
5A2AE3B3C59537A8978DE4F2 = {isa = PBXFileReference; lastKnownFileType = sourcecode.swift; path = "OpenMathNative/Generated/Contracts/HostSnapshot.swift"; sourceTree = "<group>";};
5A459DB746B881D9EE4C6C2B = {isa = PBXFileReference; lastKnownFileType = sourcecode.swift; path = "OpenMathNative/Generated/Contracts/DiagnosticView.swift"; sourceTree = "<group>";};
5B4865A0D62BA5C0FCC42F83 = {isa = PBXBuildFile; fileRef = 8A9B1025F4A19D0A64DA8BA8;};
5CC3A73CF32673D5CB996B4B = {isa = PBXBuildFile; fileRef = 76D74599A0B0838471720F3E;};
5D63F249D9A2BB42172AABEA = {isa = PBXBuildFile; fileRef = 6E4AA45E1A48793CDE67E29F;};
5D8BDFB6D31CAF26FCC84FA9 = {isa = PBXFileReference; lastKnownFileType = sourcecode.swift; path = "OpenMathNative/Storage/SourceAdmissionStore.swift"; sourceTree = "<group>";};
5DCFEB0EB3F4CBBCF7A70E36 = {isa = PBXBuildFile; fileRef = 6D2225FA34E62A9EF7F3BA3C;};
5E188700ED5E83EBA4A5C16F = {isa = PBXFileReference; lastKnownFileType = sourcecode.swift; path = "OpenMathNative/Generated/Contracts/NativeKernelHostReplyPhase.swift"; sourceTree = "<group>";};
5E5DC026B3E2E7C018DC673F = {isa = PBXBuildFile; fileRef = 190F8EF1ED7A903028474964;};
5EB3CFC44767103BDE6FF0BF = {isa = PBXBuildFile; fileRef = 50A19A5420748C06723F6E69;};
60877AB528D7C763180853B0 = {isa = PBXFileReference; lastKnownFileType = sourcecode.swift; path = "OpenMathNative/Generated/Contracts/InspectResultSteps.swift"; sourceTree = "<group>";};
608F75619BE08F37D4C8508F = {isa = PBXBuildFile; fileRef = 9E51D9F6D99B662F937834FF;};
6106941FA73141D3D8F63311 = {isa = PBXFileReference; lastKnownFileType = sourcecode.swift; path = "OpenMathNative/Generated/Contracts/PreviewExistingCell.swift"; sourceTree = "<group>";};
613930A18B82ECFD6E509E8F = {isa = PBXBuildFile; fileRef = B0CFED10FAE19010C923CC22;};
61577886DE05868FBE3DCE62 = {isa = PBXFileReference; lastKnownFileType = sourcecode.swift; path = "OpenMathNative/Generated/Contracts/InspectResultPage.swift"; sourceTree = "<group>";};
6164EB5B4B933DD5A1342D2C = {isa = PBXFileReference; lastKnownFileType = sourcecode.swift; path = "OpenMathNative/Generated/Contracts/PreviewSourceInput.swift"; sourceTree = "<group>";};
61CC9C589E30AB82782478D4 = {isa = PBXBuildFile; fileRef = 2A1B0570B88391EE74E3B7AE;};
61EF0E3994868EF58FFA7F5C = {isa = PBXFileReference; lastKnownFileType = sourcecode.swift; path = "OpenMathNative/Generated/Contracts/KernelBarrierType.swift"; sourceTree = "<group>";};
61FC791AF31A348F1B9842DD = {isa = PBXBuildFile; fileRef = 24B1367FB3ED0A7A67831985;};
6206FBD2088D87959F9907A9 = {isa = PBXBuildFile; fileRef = 3310041018DB93CA259A012E;};
626CA872C56CF96239B93E1D = {isa = PBXFileReference; lastKnownFileType = sourcecode.swift; path = "OpenMathNative/Generated/Contracts/DiagnosticViewRecordType.swift"; sourceTree = "<group>";};
627DCBEE979E06F6D34632F5 = {isa = PBXFileReference; lastKnownFileType = sourcecode.swift; path = "OpenMathNative/Generated/Contracts/GhostCandidateRecordType.swift"; sourceTree = "<group>";};
6352956ADB25AC832C327B79 = {isa = PBXFileReference; lastKnownFileType = sourcecode.swift; path = "OpenMathNative/Generated/Contracts/InspectResultGeometryPageChannel.swift"; sourceTree = "<group>";};
64182B79A4169DFE6350E389 = {isa = PBXBuildFile; fileRef = B54F1E27E360EE993E9F446B;};
651F120E2A688800C1D380EF = {isa = PBXFileReference; lastKnownFileType = sourcecode.swift; path = "OpenMathNative/Generated/Contracts/MarkdownBlockKind.swift"; sourceTree = "<group>";};
65C389392546FC2497E7C8EC = {isa = PBXFileReference; lastKnownFileType = sourcecode.swift; path = "OpenMathNative/Generated/Contracts/EditorSnapshotRecordType.swift"; sourceTree = "<group>";};
661F6CB3C9FFFB2DDDEF0F55 = {isa = PBXFileReference; lastKnownFileType = sourcecode.swift; path = "OpenMathNative/Generated/Contracts/InspectResultNumericKind.swift"; sourceTree = "<group>";};
6644D54CF0DD74957484FA19 = {isa = PBXBuildFile; fileRef = 181CED4B665D301887BFBB65;};
6693FA652650E982B13F2D92 = {isa = PBXBuildFile; fileRef = 51DC84324A5BA80468B823C2;};
676A4D749D58F5569B353C4C = {isa = PBXFileReference; lastKnownFileType = sourcecode.swift; path = "OpenMathNative/Generated/Contracts/InspectResultScratch.swift"; sourceTree = "<group>";};
6833DFF2BD758F6A25B98493 = {isa = PBXFileReference; lastKnownFileType = sourcecode.swift; path = "OpenMathNative/Generated/Contracts/MathRenderPlanRecordType.swift"; sourceTree = "<group>";};
689E4F47F1E5961833B787A4 = {isa = PBXFileReference; lastKnownFileType = sourcecode.swift; path = "OpenMathNative/Generated/Contracts/UpdateSourceCellKind.swift"; sourceTree = "<group>";};
68D658BDC2C498E547096BD0 = {isa = PBXFileReference; lastKnownFileType = sourcecode.swift; path = "OpenMathNative/Generated/Contracts/EditorKey.swift"; sourceTree = "<group>";};
69CBA30B7BF0343ED7F15D67 = {isa = PBXFileReference; lastKnownFileType = sourcecode.swift; path = "OpenMathNative/Generated/Contracts/MoveSourceCells.swift"; sourceTree = "<group>";};
69D4AEEF5DF9DC2ED6386BFF = {isa = PBXFileReference; lastKnownFileType = sourcecode.swift; path = "OpenMathNative/Editor/UndoCoordinator.swift"; sourceTree = "<group>";};
69E3769D157A825A822C8911 = {isa = PBXBuildFile; fileRef = 83A50218DD0F492F5A9B58E6;};
6A0BA0A9789F59558DAC1400 = {isa = PBXFileReference; lastKnownFileType = sourcecode.swift; path = "OpenMathNative/Generated/Contracts/NativeEditorState.swift"; sourceTree = "<group>";};
6A6A9D4471EBD9011645A669 = {isa = PBXBuildFile; fileRef = 89C5A4FB0A58FBE2F77E37E2;};
6AD52EEE901F6A5B6CECBE84 = {isa = PBXBuildFile; fileRef = A88899F4576306B8ABEDB067;};
6AFCAAB006276A282FED545E = {isa = PBXBuildFile; fileRef = D00FE71FD9A05F6355F79759;};
6B3BB665A0331D16C84FC9A1 = {isa = PBXBuildFile; fileRef = 1D515708D6F412CDFDAC202D;};
6B5633BE6A72D11364C19C48 = {isa = PBXFileReference; lastKnownFileType = sourcecode.swift; path = "OpenMathNative/Generated/Contracts/IOAck.swift"; sourceTree = "<group>";};
6B6318E9A551DD2687B3F9A6 = {isa = PBXBuildFile; fileRef = 76B6E69240C20C1A3A70EE67;};
6C08CB8C4BBC57DFCD84CEE5 = {isa = PBXFileReference; lastKnownFileType = sourcecode.swift; path = "OpenMathNative/Generated/Contracts/ResultBinding.swift"; sourceTree = "<group>";};
6D2225FA34E62A9EF7F3BA3C = {isa = PBXFileReference; lastKnownFileType = sourcecode.swift; path = "OpenMathNative/Generated/Contracts/ReadOperationStatusKind.swift"; sourceTree = "<group>";};
6D5EF3341E52167CE9412306 = {isa = PBXFileReference; lastKnownFileType = sourcecode.swift; path = "OpenMathNative/Generated/Contracts/FrameReceiptRecordType.swift"; sourceTree = "<group>";};
6E4AA45E1A48793CDE67E29F = {isa = PBXFileReference; lastKnownFileType = sourcecode.swift; path = "OpenMathNative/Generated/Contracts/MarkdownSpan.swift"; sourceTree = "<group>";};
6E595675DC7C02534DE76905 = {isa = PBXFileReference; lastKnownFileType = sourcecode.swift; path = "OpenMathNative/Storage/CommitGate.swift"; sourceTree = "<group>";};
6F1828A4421213E4F5E04255 = {isa = PBXBuildFile; fileRef = A50EE940A3962BEE3CCE4F21;};
6FE6C1ABC34E082DD29101F1 = {isa = PBXBuildFile; fileRef = EC33C4E4C8DBEAC2E9BC4D3F;};
703D02D3DA46F24EEE8721C2 = {isa = PBXFileReference; lastKnownFileType = sourcecode.swift; path = "OpenMathNative/Generated/Contracts/SourceAdmittedType.swift"; sourceTree = "<group>";};
705A72B39C7295003DD824A0 = {isa = PBXFileReference; lastKnownFileType = sourcecode.swift; path = "OpenMathNative/Generated/Contracts/ReadOperationStatus.swift"; sourceTree = "<group>";};
70A420E21536271CAD9AAD70 = {isa = PBXFileReference; lastKnownFileType = sourcecode.swift; path = "OpenMathNative/Generated/Contracts/EventBatch.swift"; sourceTree = "<group>";};
70CFF65809B316B6C5B2A1B0 = {isa = PBXBuildFile; fileRef = 95B64D1CED2B2F1B4CE62C74;};
7112FD6BEFA62724784BD098 = {isa = PBXFileReference; lastKnownFileType = sourcecode.swift; path = "OpenMathNative/Storage/KernelHashes.swift"; sourceTree = "<group>";};
7136700DA81F44D416085DE5 = {isa = PBXBuildFile; fileRef = AE2ABCF98567EFF857F8ED97;};
725891774745CE59BEA02705 = {isa = PBXFileReference; lastKnownFileType = sourcecode.swift; path = "OpenMathNative/Generated/Contracts/NativeSourceTransactionTombstoneRecordType.swift"; sourceTree = "<group>";};
732389732DBB3562E3C5EBD6 = {isa = PBXBuildFile; fileRef = 0C7B8A0789F0F69207E773FE;};
73378930A54356FC8E1011AC = {isa = PBXBuildFile; fileRef = 4F27FD954616BFEB95000A24;};
737413CA7D8224533A5F9C70 = {isa = PBXFileReference; lastKnownFileType = sourcecode.swift; path = "OpenMathNative/Generated/Contracts/SourcePreviewType.swift"; sourceTree = "<group>";};
7404B6A075CBD7001B513E71 = {isa = PBXFileReference; lastKnownFileType = sourcecode.swift; path = "OpenMathNative/Generated/Contracts/NativeStoredSourceTransaction.swift"; sourceTree = "<group>";};
7455F92FC60D20AD1E56601F = {isa = PBXBuildFile; fileRef = D82B6D6815DD7FD1D7D42FD7;};
74C809D937C58CB525F0726F = {isa = PBXBuildFile; fileRef = 725891774745CE59BEA02705;};
75503962A6668F8BB49142F4 = {isa = PBXBuildFile; fileRef = A5E9369CD4E28F3129806039;};
7659E83A9F2506AA524D1F21 = {isa = PBXFileReference; lastKnownFileType = sourcecode.swift; path = "OpenMathNative/Storage/DocumentStore.swift"; sourceTree = "<group>";};
765C19E1B80900E864CDB2C5 = {isa = PBXBuildFile; fileRef = 3D1FF52F088EB335679C56ED;};
76B6E69240C20C1A3A70EE67 = {isa = PBXFileReference; lastKnownFileType = sourcecode.swift; path = "OpenMathNative/Generated/Contracts/HostState.swift"; sourceTree = "<group>";};
76D74599A0B0838471720F3E = {isa = PBXFileReference; lastKnownFileType = sourcecode.swift; path = "OpenMathNative/Storage/StorageTypes.swift"; sourceTree = "<group>";};
77AEA9B83BA51A0BCBC5AA01 = {isa = PBXBuildFile; fileRef = D6D215E2DD6A5128AF911EA2;};
77EE1EA34CD76DC5284D3204 = {isa = PBXBuildFile; fileRef = 13366B627BB8BC819EBF9083;};
7837313469CC6075C549D94B = {isa = PBXBuildFile; fileRef = A8287CAABAB8BC05FED31B01;};
78953D264D0B8C2BD308AE62 = {isa = PBXFileReference; lastKnownFileType = sourcecode.swift; path = "OpenMathNative/Generated/Contracts/MathRenderPlanParseState.swift"; sourceTree = "<group>";};
78BA1C6B7E686FA4663E9A58 = {isa = PBXBuildFile; fileRef = E490852667EC7EE8A6CDA7C3;};
78C8411EBBE89F9483D7A0C0 = {isa = PBXFileReference; lastKnownFileType = sourcecode.swift; path = "OpenMathNative/Generated/Contracts/ResultStatusType.swift"; sourceTree = "<group>";};
792A21FB79F87FF710E2E8E5 = {isa = PBXFileReference; lastKnownFileType = sourcecode.swift; path = "OpenMathNative/Generated/Contracts/LayoutKey.swift"; sourceTree = "<group>";};
79A12903F0A8890DE97E39C7 = {isa = PBXFileReference; lastKnownFileType = sourcecode.swift; path = "OpenMathNative/Generated/Contracts/NativeKernelNoCommit.swift"; sourceTree = "<group>";};
79CCE8BDE9DA37B3D9992929 = {isa = PBXBuildFile; fileRef = 0EF7CE8FCE7A180FB35117C1;};
7A107FCEFB1BF5802D555C9D = {isa = PBXFileReference; lastKnownFileType = sourcecode.swift; path = "OpenMathNative/Generated/Contracts/HostSnapshotQuery.swift"; sourceTree = "<group>";};
7A1E4A6CC62723D82432C2B0 = {isa = PBXFileReference; lastKnownFileType = sourcecode.swift; path = "OpenMathNative/Generated/Contracts/ScrollAnchor.swift"; sourceTree = "<group>";};
7A570A62389027FD453D6529 = {isa = PBXBuildFile; fileRef = 297414382191AC280EE4443F;};
7A5CE93753C55AAC413128E2 = {isa = PBXBuildFile; fileRef = 06056F1CD04727C679BB4C21;};
7B09D25A9883EDEB4C14B69F = {isa = PBXFileReference; lastKnownFileType = sourcecode.swift; path = "OpenMathNative/Generated/Contracts/NativeSourceHostReplyKind.swift"; sourceTree = "<group>";};
7B91DA68D595C35B2AF6FE0C = {isa = PBXFileReference; lastKnownFileType = sourcecode.swift; path = "OpenMathNative/Generated/Contracts/PreviewInsertCell.swift"; sourceTree = "<group>";};
7C108B76EF354E12453490CC = {isa = PBXBuildFile; fileRef = BF90D55FA56DB1896FD6553A;};
7C14C2BD66C72B233D96104A = {isa = PBXBuildFile; fileRef = EB461314E6410C724B7CF980;};
7D0244DFC36D3595199488A4 = {isa = PBXBuildFile; fileRef = F9762A675D58D37B527121F2;};
7D0F5512AC27AE09957502B9 = {isa = PBXFileReference; lastKnownFileType = sourcecode.swift; path = "OpenMathNative/Generated/Contracts/NativeSourceAdmission.swift"; sourceTree = "<group>";};
7EE9F3A887D11B294A4920D2 = {isa = PBXFileReference; lastKnownFileType = sourcecode.swift; path = "OpenMathNative/Generated/Contracts/PreviewPatchInput.swift"; sourceTree = "<group>";};
7EFEB3D3CA8ECC5F0F1E2722 = {isa = PBXBuildFile; fileRef = 5E188700ED5E83EBA4A5C16F;};
7F69F230E6B60C43A26D979D = {isa = PBXBuildFile; fileRef = 676A4D749D58F5569B353C4C;};
7FFE06F0E08FC728F384B701 = {isa = PBXFileReference; lastKnownFileType = sourcecode.swift; path = "OpenMathNative/Editor/DraftTextViewAdapter.swift"; sourceTree = "<group>";};
813F94ADF22A847947FF8994 = {isa = PBXBuildFile; fileRef = C9303B2685B430A78B893225;};
81EB74F67558331EC2BCE37F = {isa = PBXFileReference; lastKnownFileType = sourcecode.swift; path = "OpenMathNative/Generated/Contracts/InspectResultExpressionKind.swift"; sourceTree = "<group>";};
82647F43FE171D0C95B64E24 = {isa = PBXFileReference; lastKnownFileType = sourcecode.swift; path = "OpenMathNative/Generated/Contracts/HostInit.swift"; sourceTree = "<group>";};
8280E69D55CABE2E40DCD242 = {isa = PBXFileReference; lastKnownFileType = sourcecode.swift; path = "OpenMathNative/Generated/Contracts/RequestEnvelope.swift"; sourceTree = "<group>";};
82C2CA8E6D98A17497D4CFA8 = {isa = PBXBuildFile; fileRef = 6106941FA73141D3D8F63311;};
832181BA6E4AC10FD81F1FAB = {isa = PBXBuildFile; fileRef = FB4A18DD19C5228F7F3B07A4;};
836C408AF46049B6AF9F62E9 = {isa = PBXFileReference; lastKnownFileType = sourcecode.swift; path = "OpenMathNative/Generated/Contracts/PreviewRenameNotebookType.swift"; sourceTree = "<group>";};
83A50218DD0F492F5A9B58E6 = {isa = PBXFileReference; lastKnownFileType = sourcecode.swift; path = "OpenMathNative/Generated/Contracts/FrameReceiptFrameState.swift"; sourceTree = "<group>";};
8436BD1A3A2E514C55C413EE = {isa = PBXBuildFile; fileRef = 81EB74F67558331EC2BCE37F;};
84A14A2A5941B172BA93FD75 = {isa = PBXFileReference; lastKnownFileType = sourcecode.swift; path = "OpenMathNative/Generated/Contracts/FrameReceiptRenderState.swift"; sourceTree = "<group>";};
84F41DD7054DC779C230E161 = {isa = PBXBuildFile; fileRef = B5DF6CD94ABCED1BAA2E0665;};
856D6BF3694430B86FE40E35 = {isa = PBXBuildFile; fileRef = CEF62E492A28169960ADD495;};
85B30EBD32DFFDEEA6449876 = {isa = PBXBuildFile; fileRef = 5A459DB746B881D9EE4C6C2B;};
85D7C1ABB0CFF88EC2B7DD4D = {isa = PBXBuildFile; fileRef = 36775E400CD766D78739C230;};
85F7F4901392847DFB66AB72 = {isa = PBXBuildFile; fileRef = 9BC7BAE230356EABAF5F9CCF;};
86B2BFF73E6D996B466E0838 = {isa = PBXFileReference; lastKnownFileType = sourcecode.swift; path = "OpenMathNative/Generated/Contracts/ProducerBinding.swift"; sourceTree = "<group>";};
896F0272195AE86C12461B30 = {isa = PBXBuildFile; fileRef = CA19E35AE8C30120B21925CC;};
89C5A4FB0A58FBE2F77E37E2 = {isa = PBXFileReference; lastKnownFileType = sourcecode.swift; path = "OpenMathNative/Generated/Contracts/SourcePrepareUndo.swift"; sourceTree = "<group>";};
89DBE1E8CCB23C8EBBB91F1F = {isa = PBXFileReference; lastKnownFileType = sourcecode.swift; path = "OpenMathNative/Generated/Contracts/KernelReadBlobType.swift"; sourceTree = "<group>";};
8A09DB07A9364FE4EA13D463 = {isa = PBXFileReference; lastKnownFileType = sourcecode.swift; path = "OpenMathNative/Generated/Contracts/OperationKind.swift"; sourceTree = "<group>";};
8A9B1025F4A19D0A64DA8BA8 = {isa = PBXFileReference; lastKnownFileType = sourcecode.swift; path = "OpenMathNative/Generated/Contracts/InsertSourceCell.swift"; sourceTree = "<group>";};
8B6DA3DDD1795DB5C2CF5B9A = {isa = PBXFileReference; lastKnownFileType = sourcecode.swift; path = "OpenMathNative/Generated/Contracts/EvaluateScratchKind.swift"; sourceTree = "<group>";};
8C571DA079EC8751F531A2EA = {isa = PBXBuildFile; fileRef = E84F1E6182FC1AF82D08C64E;};
8E2A8D2142F0E5D7BA710E72 = {isa = PBXBuildFile; fileRef = 6E595675DC7C02534DE76905;};
8E7E2DBC55DE3AA8A58469B1 = {isa = PBXFileReference; lastKnownFileType = sourcecode.swift; path = "OpenMathNative/Generated/Contracts/AgentPhase.swift"; sourceTree = "<group>";};
8E8A6D71EEFB05F57026591A = {isa = PBXBuildFile; fileRef = F95451C283AA82BF4A157C4D;};
8EC8E61B9E4B6B0B53995ABB = {isa = PBXFrameworksBuildPhase; buildActionMask = 2147483647; files = (); runOnlyForDeploymentPostprocessing = 0;};
8F031336155291606178F969 = {isa = PBXBuildFile; fileRef = 4515101C40158E3F6603AF27;};
8FA76FBDA9B5B1551340AF05 = {isa = PBXFileReference; lastKnownFileType = sourcecode.swift; path = "OpenMathNative/Generated/Contracts/NativeKernelCommit.swift"; sourceTree = "<group>";};
90790FD13E496BB44478DD62 = {isa = PBXFileReference; lastKnownFileType = sourcecode.swift; path = "OpenMathNative/Generated/Contracts/NativeResultQuery.swift"; sourceTree = "<group>";};
9170E59024E62845BE5BCA3F = {isa = PBXFileReference; lastKnownFileType = sourcecode.swift; path = "OpenMathNative/Generated/Contracts/MarkdownBlock.swift"; sourceTree = "<group>";};
91AE989B303A384951D861A7 = {isa = PBXBuildFile; fileRef = 208E042B1C4FDFA975400CAF;};
91CE21A85417DCD2680C5AA6 = {isa = PBXBuildFile; fileRef = DC54D8850D10845F5D910540;};
924EE144E24D2951ED1C2569 = {isa = PBXBuildFile; fileRef = 9295D99196FB6012616598E4;};
92510444A6B5EDFC306B088E = {isa = PBXBuildFile; fileRef = EECE32B23EB78255C2351657;};
9295D99196FB6012616598E4 = {isa = PBXFileReference; lastKnownFileType = sourcecode.swift; path = "OpenMathNative/Generated/Contracts/DocumentCommitActor.swift"; sourceTree = "<group>";};
92BBC92EC39AC84BE49C2BCC = {isa = PBXFileReference; lastKnownFileType = sourcecode.swift; path = "OpenMathNative/Generated/Contracts/SourceCompletedType.swift"; sourceTree = "<group>";};
9366F9E38445B7A4F96C2D8B = {isa = PBXFileReference; lastKnownFileType = sourcecode.swift; path = "OpenMathNative/Generated/Contracts/NativeSourceAdmissionPhase.swift"; sourceTree = "<group>";};
9445D878A43AA6A2C56380A5 = {isa = PBXBuildFile; fileRef = 371D1EF69D5316CF3917B16F;};
954506D94D8E1EBA2E77BB26 = {isa = PBXBuildFile; fileRef = 4048B7F5ACC56B220B7DAF6B;};
9579A1CC3D43AF3354EA2AB1 = {isa = PBXBuildFile; fileRef = 7EE9F3A887D11B294A4920D2;};
958F0A7D2687773230C30611 = {isa = PBXBuildFile; fileRef = A2EF77B576EC6A99C3106E7F;};
95B64D1CED2B2F1B4CE62C74 = {isa = PBXFileReference; lastKnownFileType = sourcecode.swift; path = "OpenMathNative/Generated/Contracts/SourcePrepareUndoType.swift"; sourceTree = "<group>";};
96E3E9401B0FFD417D876D69 = {isa = PBXFileReference; lastKnownFileType = sourcecode.swift; path = "OpenMathNative/Generated/Contracts/SourceBarrier.swift"; sourceTree = "<group>";};
96F45C9C2ED357AB19F33174 = {isa = PBXBuildFile; fileRef = A05C94B2F6BB25AA7DAFD829;};
975D39FA2B71F136343BF973 = {isa = PBXBuildFile; fileRef = 04282682CADC079AFD83339F;};
97E802EAD754B693A91818ED = {isa = PBXBuildFile; fileRef = 3A0A9F0C6B00D941B7013706;};
98C70BDB33D42A12995ADA6E = {isa = PBXFileReference; lastKnownFileType = sourcecode.swift; path = "OpenMathNative/Generated/Contracts/DocumentState.swift"; sourceTree = "<group>";};
98CF79AB4940430CF8012B06 = {isa = PBXBuildFile; fileRef = 4D5C2AE3348DB430768AB400;};
994979B2CB71C3B368E66510 = {isa = PBXBuildFile; fileRef = C5916E607727E0E8B6538BB7;};
99AEE6DF4A2E068A352E78DA = {isa = PBXFileReference; lastKnownFileType = sourcecode.swift; path = "OpenMathNative/Generated/Contracts/FrameReceipt.swift"; sourceTree = "<group>";};
99B084630C96AFFD82C8C5AC = {isa = PBXBuildFile; fileRef = 543830AC71396E1B077EAA89;};
9A322663B305941A263711D4 = {isa = PBXBuildFile; fileRef = 482DCE4E9FB03E6645CEAA1F;};
9BC7BAE230356EABAF5F9CCF = {isa = PBXFileReference; lastKnownFileType = sourcecode.swift; path = "OpenMathNative/Generated/Contracts/AnalyzeEditor.swift"; sourceTree = "<group>";};
9D04A025C8E12D844073F585 = {isa = PBXBuildFile; fileRef = 226C96F7A5B325D084B0C85F;};
9D240D95340AD990B6DBF578 = {isa = PBXBuildFile; fileRef = 9170E59024E62845BE5BCA3F;};
9D6699D454ABFF623F0FD8B8 = {isa = PBXBuildFile; fileRef = 2B89BF28218C09CBD0A75AE3;};
9DEDEC861036F5E0D1AEE878 = {isa = PBXBuildFile; fileRef = A5C4E23D6EC0AE814B8F9BBE;};
9DFC804AD05027FFA0A6901B = {isa = PBXFileReference; lastKnownFileType = sourcecode.swift; path = "OpenMathNative/Storage/CommitPort.swift"; sourceTree = "<group>";};
9E51D9F6D99B662F937834FF = {isa = PBXFileReference; lastKnownFileType = sourcecode.swift; path = "OpenMathNative/Generated/Contracts/ResultInspect.swift"; sourceTree = "<group>";};
9F91CB42BA0B8BB3B3E1D9FE = {isa = PBXBuildFile; fileRef = 0EB2B86BE1BADB5E47EC27DE;};
9F989F952E2EB01E7ABB51AD = {isa = PBXFileReference; lastKnownFileType = sourcecode.swift; path = "OpenMathNative/Generated/Contracts/InspectResultPresentationKind.swift"; sourceTree = "<group>";};
A0235175D173BA70D8555F5C = {isa = PBXFileReference; lastKnownFileType = sourcecode.swift; path = "OpenMathNative/Generated/Contracts/KernelStatusType.swift"; sourceTree = "<group>";};
A05C94B2F6BB25AA7DAFD829 = {isa = PBXFileReference; lastKnownFileType = sourcecode.swift; path = "OpenMathNative/NotebookViewModel.swift"; sourceTree = "<group>";};
A248CC494586023CF3F4B317 = {isa = PBXBuildFile; fileRef = 661F6CB3C9FFFB2DDDEF0F55;};
A2A3220830FAB12733A82854 = {isa = PBXFileReference; lastKnownFileType = sourcecode.swift; path = "OpenMathNative/Generated/Contracts/NativeEditorTarget.swift"; sourceTree = "<group>";};
A2EF77B576EC6A99C3106E7F = {isa = PBXFileReference; lastKnownFileType = sourcecode.swift; path = "OpenMathNative/Generated/Contracts/AnalyzeEditorAnalysisKind.swift"; sourceTree = "<group>";};
A30C7F256404ADDA83ED2DC6 = {isa = PBXBuildFile; fileRef = 538C11C536A87E2B062DAD02;};
A33FB3BC711CA11076DE6AA8 = {isa = PBXBuildFile; fileRef = B1F904078C49EE3DAE7B2558;};
A40B6C79B39B43E985C35301 = {isa = PBXBuildFile; fileRef = 0003DEA7E455195AD61C17F6;};
A41ED7705A5F997AC4D58D2A = {isa = PBXBuildFile; fileRef = 61577886DE05868FBE3DCE62;};
A50EE940A3962BEE3CCE4F21 = {isa = PBXFileReference; lastKnownFileType = sourcecode.swift; path = "OpenMathNative/Generated/Contracts/ResultInspectType.swift"; sourceTree = "<group>";};
A5BDF5DA365CC68349C260B9 = {isa = PBXBuildFile; fileRef = E62B37EE41180B86AFB2F736;};
A5C4E23D6EC0AE814B8F9BBE = {isa = PBXFileReference; lastKnownFileType = sourcecode.swift; path = "OpenMathNative/Generated/Contracts/ResultRevoke.swift"; sourceTree = "<group>";};
A5E9369CD4E28F3129806039 = {isa = PBXFileReference; lastKnownFileType = sourcecode.swift; path = "OpenMathNative/Generated/Contracts/MathRenderPlan.swift"; sourceTree = "<group>";};
A621A4B5947781E85652AD6D = {isa = PBXBuildFile; fileRef = 1C524DCA6B9D5AD2470DDA8D;};
A678EC79108B309B6C2512B2 = {isa = PBXGroup; children = (BA5552D8CDC3BF93580C8849,C0ED940923E5188D016CC57F,ABB7DD762286861E89964AC9,7FFE06F0E08FC728F384B701,D82B6D6815DD7FD1D7D42FD7,69D4AEEF5DF9DC2ED6386BFF,F2B8B23D7ABF6C4285F5B723,4515101C40158E3F6603AF27,C80FBC96035A7586980EDD8C,8E7E2DBC55DE3AA8A58469B1,2AAD875777A318D1ECB7B6B7,0B43C2CBDB694C83D687EAC1,35D08946D1A23C48536EBA88,BBF0432D11E80170422E8104,4DB3B25F37D37694B62FB3DC,9BC7BAE230356EABAF5F9CCF,A2EF77B576EC6A99C3106E7F,E490852667EC7EE8A6CDA7C3,402ACE78750AF7E05D997BAA,222A63AF76E8A9C8CEADF117,AC8F935B90182B82EEAADD8F,D4CA9D5A2E6255358C2EB4EA,211E95B369BE097A0D1C9CE9,5A459DB746B881D9EE4C6C2B,0E3BCE9E7076A71E1D99B391,181CED4B665D301887BFBB65,626CA872C56CF96239B93E1D,C3BBC279789E00DD27ACDED3,3A0A9F0C6B00D941B7013706,092A4868BBDD1EE22161847A,0C7B8A0789F0F69207E773FE,9295D99196FB6012616598E4,E65CA0273D00CC09017C5947,24A036191D3923259678D948,98C70BDB33D42A12995ADA6E,468062B4A14B38E4E683F9F1,68D658BDC2C498E547096BD0,2B785AE579C2CE6DFB1CB798,3920C694D3E6A3F5762A6279,65C389392546FC2497E7C8EC,0003DEA7E455195AD61C17F6,8B6DA3DDD1795DB5C2CF5B9A,70A420E21536271CAD9AAD70,59B4318E91496233FC17651B,308E523DDAC15143CFA08B9C,99AEE6DF4A2E068A352E78DA,83A50218DD0F492F5A9B58E6,6D5EF3341E52167CE9412306,84A14A2A5941B172BA93FD75,2A1B0570B88391EE74E3B7AE,12EC653A4A20DD61FCAF0B66,627DCBEE979E06F6D34632F5,E7BA7DF08FFE1593CE2562CD,0EF7CE8FCE7A180FB35117C1,AD348ECAEAE803AA84AAD4A8,82647F43FE171D0C95B64E24,C14432A06D4CCF2550F483F2,1E7FD5661C507BF4A3544B43,51DC84324A5BA80468B823C2,24B1367FB3ED0A7A67831985,5A2AE3B3C59537A8978DE4F2,7A107FCEFB1BF5802D555C9D,76B6E69240C20C1A3A70EE67,6B5633BE6A72D11364C19C48,56D5BE90FFDA86D5F3A08289,8A9B1025F4A19D0A64DA8BA8,208E042B1C4FDFA975400CAF,C68027F67B476419EC3DCEE3,81EB74F67558331EC2BCE37F,B5DF6CD94ABCED1BAA2E0665,AC3D51CBF661D2C2E1C0BBCC,F2E908B6B218E689151257AF,6352956ADB25AC832C327B79,371D1EF69D5316CF3917B16F,E1E24E1980B79D48B3CF3828,661F6CB3C9FFFB2DDDEF0F55,61577886DE05868FBE3DCE62,2AFED2BCDC516A5875171626,E84F1E6182FC1AF82D08C64E,9F989F952E2EB01E7ABB51AD,676A4D749D58F5569B353C4C,B89574B7563E49FB702BDB16,E2ACA6636898DAE77448A187,482DCE4E9FB03E6645CEAA1F,55C02D33B16E0D6462AE6969,60877AB528D7C763180853B0,FB4A18DD19C5228F7F3B07A4,B6FBC4454BAB103BC467DF40,B99B7BC2A56DC61FE9803208,59F801D8CA363229D13F438F,190F8EF1ED7A903028474964,61EF0E3994868EF58FFA7F5C,FA086A571B964270CC5C5B32,EC9E2CF33F3E6B3AFED73039,ECCD87D661C87F28ACCDDA31,A90BE275C9A0794F3FDC8485,C02B65D31B1025F01E43B578,C3C96F27295065D7807113F5,3FCEE29617E759E3E6C800E7,89DBE1E8CCB23C8EBBB91F1F,EF2B9144B81C26AF7D36CEBC,40F2781D6320AB7BEE20EB02,2E786FF8712F741120E696F4,BCACFD83B935F1DF4F44FA74,EECE32B23EB78255C2351657,2D1D43D2A7E3F83A9B032BA0,0490876378803D0086AFDC86,A0235175D173BA70D8555F5C,33E721157EB0B09DEADD40DA,C2F5794A2044D5CE1945208C,792A21FB79F87FF710E2E8E5,A88899F4576306B8ABEDB067,FCD8BA17014975EA07B21699,538C11C536A87E2B062DAD02,F8D2FC98C995F6D6F5FF38F7,9170E59024E62845BE5BCA3F,651F120E2A688800C1D380EF,E97DEBC70CB35D7BFD715D46,6E4AA45E1A48793CDE67E29F,FE75AD79DDD972F828AE92CE,13D87C9BBF6A6885215E7A10,A5E9369CD4E28F3129806039,78953D264D0B8C2BD308AE62,6833DFF2BD758F6A25B98493,360DE78FDBEC2D799F301292,69CBA30B7BF0343ED7F15D67,F9762A675D58D37B527121F2,D3ABFB4F254FAF2297A0DCE7,AE2ABCF98567EFF857F8ED97,55BAAE69615B697411D4E664,C4B55645142D6310DB150548,D3183ECCABF7596022F34FE9,D3B58C90ABF9FDDA9AA31715,DE74A33260EACBD353332D37,DBFB4DD8F5DC70D8F6243196,D9ADF3CB3E4B38648005E946,C5916E607727E0E8B6538BB7,6A0BA0A9789F59558DAC1400,A2A3220830FAB12733A82854,8FA76FBDA9B5B1551340AF05,FB56F49B90120BE13FC11451,226C96F7A5B325D084B0C85F,0CFA7278477EA6FC4AED9AE9,5E188700ED5E83EBA4A5C16F,79A12903F0A8890DE97E39C7,DE0CCE394C3E5B5258EFCF23,BF90D55FA56DB1896FD6553A,CBE3712FD6C7035A745DEC69,31FC29E5E6EA032177DE73B1,E62B37EE41180B86AFB2F736,D4B27ED21B22C40D2F07B21F,0EB2B86BE1BADB5E47EC27DE,AD2318525B2C40CCED97859F,F5D81180645C1857521514EE,297414382191AC280EE4443F,F95451C283AA82BF4A157C4D,5111A977DD3BA6D19D5B632B,1AA14EA51BEA4022A8C905DD,90790FD13E496BB44478DD62,7D0F5512AC27AE09957502B9,9366F9E38445B7A4F96C2D8B,195F7F2B0AF610270E27772D,07E9FB2484A9AA3E624D926E,1D515708D6F412CDFDAC202D,42355E8E2215274D535168E5,20F2E70A954F9CCB5731322A,7B09D25A9883EDEB4C14B69F,D71A43E5831BDF36ADA94A11,4D5C2AE3348DB430768AB400,CDFCF38271019F2AEFEED88F,725891774745CE59BEA02705,7404B6A075CBD7001B513E71,CDDEC5B881D52C9A056BFD6D,FDA115C94C030404F150090B,EC80AE4D307850425D2CFA8C,8A09DB07A9364FE4EA13D463,1E324491152DC078CEC0884A,109E6A993C307DA21A1FE86C,0C528A004365C9731F8CDE35,3F71E32E29A96AEB44DA7BDF,06056F1CD04727C679BB4C21,E52B8E9F36ADEF3FC9C6697F,3D1FF52F088EB335679C56ED,D477626B7AB13D539F498143,BF8D026EC6BAC4F2B764FE9C,B9AF9EACCAB91AC98D669C57,F0FA94ADE661376D215C05FF,6106941FA73141D3D8F63311,7B91DA68D595C35B2AF6FE0C,D5F6793DE977FB0E75C36796,ED1BA6BFB1FB9E09600AA624,A8287CAABAB8BC05FED31B01,559E0E9514369C56B27E5BB0,04282682CADC079AFD83339F,7EE9F3A887D11B294A4920D2,36775E400CD766D78739C230,CEF62E492A28169960ADD495,3EE60E7749FAF073E9A024BD,836C408AF46049B6AF9F62E9,BD388E957F1E65B574941481,B907E282E03CF7489D878150,6164EB5B4B933DD5A1342D2C,13366B627BB8BC819EBF9083,39D9E66421F468A889E7F2C4,299990A91BAE748E5FF9198F,D00FE71FD9A05F6355F79759,86B2BFF73E6D996B466E0838,F1C47C64CDC4CD5F6047F2E3,28B174F15C025FD3BE8A8667,54BF6A240150A6891ED3D05A,326EA07AFC4B2395389E135A,E34AFD9E4B3E699D4CA12D85,2B89BF28218C09CBD0A75AE3,705A72B39C7295003DD824A0,6D2225FA34E62A9EF7F3BA3C,4CC2669681928D46711A4CDE,B06FCE77DB804341FA5A7DA3,8280E69D55CABE2E40DCD242,6C08CB8C4BBC57DFCD84CEE5,1C524DCA6B9D5AD2470DDA8D,480B8A599F511C4567791856,C3F42A1F59324B29BD29578B,9E51D9F6D99B662F937834FF,A50EE940A3962BEE3CCE4F21,3AB65A14ACE39968052FD264,EF64EE2A36205D13DA07B06F,A5C4E23D6EC0AE814B8F9BBE,36F3BD3BAF7C1B14D2F147CB,543830AC71396E1B077EAA89,78C8411EBBE89F9483D7A0C0,4048B7F5ACC56B220B7DAF6B,D1DD972C8E5383B327F1CC41,7A1E4A6CC62723D82432C2B0,02668DA16DDDCA7094414672,CA924701D1A2B565FF8B32F4,703D02D3DA46F24EEE8721C2,96E3E9401B0FFD417D876D69,22374B046D7384E665BDDBA7,D1F5BAE1E8001154A506A44C,B558B0EC9226A0A6A9C18D6A,40BF4D1FC7DA67BE3FC409EB,92BBC92EC39AC84BE49C2BCC,FB420B858DF7BC940E5813B0,D6D215E2DD6A5128AF911EA2,4922896E305D325C1426F92E,01E24A9A2B1839FC7063D55E,DA0C06628867415BF985A459,CA19E35AE8C30120B21925CC,C2AF3B99EFB2C213CBF89213,AC9C9B53E281FE583CA93E46,89C5A4FB0A58FBE2F77E37E2,95B64D1CED2B2F1B4CE62C74,F6CE2A22887DF56CB97DA121,737413CA7D8224533A5F9C70,1E5FD83FD9C282FDCC07E250,FAA56B8393E6542B0320DB8D,EB3E72DAB037FC111AE88378,21787C2437CFA0302250D9F4,CF4B2D70999900830A390CAB,0D5B8ED3A50A469C77585E77,F00FA0C293425AC9F2EF1B7F,3310041018DB93CA259A012E,A7FA414CD4FFCC45F9672562,E11849EB0B613C68EB8511B3,B0CFED10FAE19010C923CC22,B1F904078C49EE3DAE7B2558,F195F1E27BD22924292EF49B,B286717F3DA9AE14B0879555,689E4F47F1E5961833B787A4,CE34295C68C61A2AFFC028F9,B54F1E27E360EE993E9F446B,4F27FD954616BFEB95000A24,ED2A064FF727931B7C9957AA,A05C94B2F6BB25AA7DAFD829,BA95FE61AAAA129C6A8E19F4,BFBB9D34D7F70BCCE11F58DB,D2A4B622976CF7ABC65BA1FC,BCC44300C6D2D05520DAFC75,EB461314E6410C724B7CF980,6E595675DC7C02534DE76905,9DFC804AD05027FFA0A6901B,467C33DDFCC64A04F53C480A,7659E83A9F2506AA524D1F21,7112FD6BEFA62724784BD098,CAB6E688986D7C92708923F7,BFC8FA8B1DF5BCB95555613E,C007A773E72742B65166EB24,DC54D8850D10845F5D910540,C9303B2685B430A78B893225,5D8BDFB6D31CAF26FCC84FA9,50A19A5420748C06723F6E69,186D4A58080E35E120F95FDC,F57A944DB1795257EDF66F0F,76D74599A0B0838471720F3E,EC33C4E4C8DBEAC2E9BC4D3F,C84632B008BAD40524CA16CD,); sourceTree = "<group>";};
A6CEF14E9D5F0B96EF48A1DE = {isa = PBXBuildFile; fileRef = C2F5794A2044D5CE1945208C;};
A7CB1F1AB7689ADEF9636691 = {isa = PBXBuildFile; fileRef = AC8F935B90182B82EEAADD8F;};
A7FA414CD4FFCC45F9672562 = {isa = PBXFileReference; lastKnownFileType = sourcecode.swift; path = "OpenMathNative/Generated/Contracts/SourceSpan.swift"; sourceTree = "<group>";};
A8287CAABAB8BC05FED31B01 = {isa = PBXFileReference; lastKnownFileType = sourcecode.swift; path = "OpenMathNative/Generated/Contracts/PreviewMoveCell.swift"; sourceTree = "<group>";};
A88899F4576306B8ABEDB067 = {isa = PBXFileReference; lastKnownFileType = sourcecode.swift; path = "OpenMathNative/Generated/Contracts/LocalCompletion.swift"; sourceTree = "<group>";};
A8BB5B3E5D7C9B62F97DF222 = {isa = PBXBuildFile; fileRef = 3FCEE29617E759E3E6C800E7;};
A90BE275C9A0794F3FDC8485 = {isa = PBXFileReference; lastKnownFileType = sourcecode.swift; path = "OpenMathNative/Generated/Contracts/KernelCompletedType.swift"; sourceTree = "<group>";};
A94A6DB4592891095D9F67C1 = {isa = PBXBuildFile; fileRef = D4B27ED21B22C40D2F07B21F;};
A9A33CA9DAA5D6751601CC72 = {isa = PBXBuildFile; fileRef = DBFB4DD8F5DC70D8F6243196;};
AB5EBA704BA710DCC68C0C77 = {isa = PBXBuildFile; fileRef = FB420B858DF7BC940E5813B0;};
ABB7DD762286861E89964AC9 = {isa = PBXFileReference; lastKnownFileType = sourcecode.swift; path = "OpenMathNative/DraftStore.swift"; sourceTree = "<group>";};
AC3D51CBF661D2C2E1C0BBCC = {isa = PBXFileReference; lastKnownFileType = sourcecode.swift; path = "OpenMathNative/Generated/Contracts/InspectResultGeometryKind.swift"; sourceTree = "<group>";};
AC4E2568CC0A4F3A0DDBF1ED = {isa = PBXBuildFile; fileRef = 90790FD13E496BB44478DD62;};
AC8F935B90182B82EEAADD8F = {isa = PBXFileReference; lastKnownFileType = sourcecode.swift; path = "OpenMathNative/Generated/Contracts/Camera2DScale.swift"; sourceTree = "<group>";};
AC9C9B53E281FE583CA93E46 = {isa = PBXFileReference; lastKnownFileType = sourcecode.swift; path = "OpenMathNative/Generated/Contracts/SourcePrepareManualType.swift"; sourceTree = "<group>";};
AD1EDB01483A6122A495C5A7 = {isa = PBXBuildFile; fileRef = 28B174F15C025FD3BE8A8667;};
AD2318525B2C40CCED97859F = {isa = PBXFileReference; lastKnownFileType = sourcecode.swift; path = "OpenMathNative/Generated/Contracts/NativePreviewDiagnosticSeverity.swift"; sourceTree = "<group>";};
AD348ECAEAE803AA84AAD4A8 = {isa = PBXFileReference; lastKnownFileType = sourcecode.swift; path = "OpenMathNative/Generated/Contracts/HostFailure.swift"; sourceTree = "<group>";};
AE2ABCF98567EFF857F8ED97 = {isa = PBXFileReference; lastKnownFileType = sourcecode.swift; path = "OpenMathNative/Generated/Contracts/NativeCalculationSettings.swift"; sourceTree = "<group>";};
AE7AF254735B28865A84EB4F = {isa = PBXBuildFile; fileRef = 89DBE1E8CCB23C8EBBB91F1F;};
B06FCE77DB804341FA5A7DA3 = {isa = PBXFileReference; lastKnownFileType = sourcecode.swift; path = "OpenMathNative/Generated/Contracts/RenameSourceNotebookKind.swift"; sourceTree = "<group>";};
B0A48743958A2B0505286F97 = {isa = PBXBuildFile; fileRef = CF4B2D70999900830A390CAB;};
B0AA0882C1F63B1A4D67FF0E = {isa = PBXBuildFile; fileRef = 467C33DDFCC64A04F53C480A;};
B0CFED10FAE19010C923CC22 = {isa = PBXFileReference; lastKnownFileType = sourcecode.swift; path = "OpenMathNative/Generated/Contracts/SourceStatusType.swift"; sourceTree = "<group>";};
B18E6EEEF306FD528706FA53 = {isa = PBXBuildFile; fileRef = E97DEBC70CB35D7BFD715D46;};
B1F904078C49EE3DAE7B2558 = {isa = PBXFileReference; lastKnownFileType = sourcecode.swift; path = "OpenMathNative/Generated/Contracts/SourceUnknown.swift"; sourceTree = "<group>";};
B20097B77C06BB02F04E6A44 = {isa = PBXBuildFile; fileRef = 468062B4A14B38E4E683F9F1;};
B25E8834D66113BAE7F140A9 = {isa = PBXBuildFile; fileRef = ED1BA6BFB1FB9E09600AA624;};
B286717F3DA9AE14B0879555 = {isa = PBXFileReference; lastKnownFileType = sourcecode.swift; path = "OpenMathNative/Generated/Contracts/UpdateSourceCell.swift"; sourceTree = "<group>";};
B2B811F29D42F56534587039 = {isa = PBXBuildFile; fileRef = 627DCBEE979E06F6D34632F5;};
B2D4E2EF30E2A138649A5803 = {isa = PBXBuildFile; fileRef = F1C47C64CDC4CD5F6047F2E3;};
B49E0FC8F269047C0C2BBFD9 = {isa = XCBuildConfiguration; buildSettings = {SDKROOT = "macosx";SUPPORTED_PLATFORMS = "macosx";ARCHS = "arm64";MACOSX_DEPLOYMENT_TARGET = "27.0";SWIFT_VERSION = "6.0";SWIFT_STRICT_CONCURRENCY = "complete";CLANG_ENABLE_MODULES = "YES";ENABLE_HARDENED_RUNTIME = "YES";CODE_SIGN_STYLE = "Manual";CODE_SIGN_IDENTITY = "-";PRODUCT_NAME = "OpenMath Preview";EXECUTABLE_NAME = "OpenMathNative";PRODUCT_BUNDLE_IDENTIFIER = "org.openmath.OpenMath.NativeMacPreview";GENERATE_INFOPLIST_FILE = "NO";INFOPLIST_FILE = "OpenMathNative/Info.plist";SWIFT_INCLUDE_PATHS = "$(inherited) $(PROJECT_DIR)/Headers";LIBRARY_SEARCH_PATHS = "$(inherited) $(PROJECT_DIR)/../target/release";OTHER_LDFLAGS = "$(inherited) -lom_apple_ffi -lsqlite3";ENABLE_TESTABILITY = "YES";SWIFT_OPTIMIZATION_LEVEL = "-O";DEBUG_INFORMATION_FORMAT = "dwarf-with-dsym";SWIFT_COMPILATION_MODE = "wholemodule";}; name = Release;};
B54F1E27E360EE993E9F446B = {isa = PBXFileReference; lastKnownFileType = sourcecode.swift; path = "OpenMathNative/Kernel/KernelCommitPort.swift"; sourceTree = "<group>";};
B558B0EC9226A0A6A9C18D6A = {isa = PBXFileReference; lastKnownFileType = sourcecode.swift; path = "OpenMathNative/Generated/Contracts/SourceBeginType.swift"; sourceTree = "<group>";};
B5659FCF65DDFADEC1D0A08D = {isa = PBXBuildFile; fileRef = 60877AB528D7C763180853B0;};
B5DF6CD94ABCED1BAA2E0665 = {isa = PBXFileReference; lastKnownFileType = sourcecode.swift; path = "OpenMathNative/Generated/Contracts/InspectResultGeometry.swift"; sourceTree = "<group>";};
B5E638F94EBBC5F8E05F2522 = {isa = PBXBuildFile; fileRef = 21787C2437CFA0302250D9F4;};
B6FBC4454BAB103BC467DF40 = {isa = PBXFileReference; lastKnownFileType = sourcecode.swift; path = "OpenMathNative/Generated/Contracts/InspectResultSummary.swift"; sourceTree = "<group>";};
B7824DEDBA1CF22B08AD60A6 = {isa = PBXBuildFile; fileRef = BF8D026EC6BAC4F2B764FE9C;};
B7F683283D0EBA31A62FF190 = {isa = PBXBuildFile; fileRef = 3920C694D3E6A3F5762A6279;};
B82403DB38F070A85B26F780 = {isa = PBXBuildFile; fileRef = 7404B6A075CBD7001B513E71;};
B89574B7563E49FB702BDB16 = {isa = PBXFileReference; lastKnownFileType = sourcecode.swift; path = "OpenMathNative/Generated/Contracts/InspectResultScratchKind.swift"; sourceTree = "<group>";};
B9013F2BB42FF3D75FADFBC9 = {isa = PBXBuildFile; fileRef = B06FCE77DB804341FA5A7DA3;};
B907E282E03CF7489D878150 = {isa = PBXFileReference; lastKnownFileType = sourcecode.swift; path = "OpenMathNative/Generated/Contracts/PreviewReplaceTextType.swift"; sourceTree = "<group>";};
B94B521B6E39D4CDE29252B3 = {isa = PBXBuildFile; fileRef = 9F989F952E2EB01E7ABB51AD;};
B99B7BC2A56DC61FE9803208 = {isa = PBXFileReference; lastKnownFileType = sourcecode.swift; path = "OpenMathNative/Generated/Contracts/InspectResultSummaryKind.swift"; sourceTree = "<group>";};
B9AF9EACCAB91AC98D669C57 = {isa = PBXFileReference; lastKnownFileType = sourcecode.swift; path = "OpenMathNative/Generated/Contracts/PreviewDeleteCell.swift"; sourceTree = "<group>";};
BA5552D8CDC3BF93580C8849 = {isa = PBXFileReference; lastKnownFileType = sourcecode.swift; path = "OpenMathNative/AppEventRouter.swift"; sourceTree = "<group>";};
BA8A9CC52097BDD8D03764F2 = {isa = PBXBuildFile; fileRef = 6164EB5B4B933DD5A1342D2C;};
BA95FE61AAAA129C6A8E19F4 = {isa = PBXFileReference; lastKnownFileType = sourcecode.swift; path = "OpenMathNative/Rendering/ResultClient.swift"; sourceTree = "<group>";};
BBCD2545554CE0348F74FCB7 = {isa = PBXBuildFile; fileRef = B558B0EC9226A0A6A9C18D6A;};
BBF0432D11E80170422E8104 = {isa = PBXFileReference; lastKnownFileType = sourcecode.swift; path = "OpenMathNative/Generated/Contracts/AnalysisRequestKind.swift"; sourceTree = "<group>";};
BCACFD83B935F1DF4F44FA74 = {isa = PBXFileReference; lastKnownFileType = sourcecode.swift; path = "OpenMathNative/Generated/Contracts/KernelSettledType.swift"; sourceTree = "<group>";};
BCC44300C6D2D05520DAFC75 = {isa = PBXFileReference; lastKnownFileType = sourcecode.swift; path = "OpenMathNative/Storage/BlobTypes.swift"; sourceTree = "<group>";};
BD32B37A8C807AD5DC3B6DBE = {isa = PBXBuildFile; fileRef = 3AB65A14ACE39968052FD264;};
BD388E957F1E65B574941481 = {isa = PBXFileReference; lastKnownFileType = sourcecode.swift; path = "OpenMathNative/Generated/Contracts/PreviewReplaceText.swift"; sourceTree = "<group>";};
BD6E5D931E5D3ABF05B6563F = {isa = PBXBuildFile; fileRef = 7A107FCEFB1BF5802D555C9D;};
BE435CC6E8E0B65C0E520DCF = {isa = PBXBuildFile; fileRef = B907E282E03CF7489D878150;};
BE5441527221706298A799DF = {isa = PBXBuildFile; fileRef = A2A3220830FAB12733A82854;};
BF5F47FDC9B895D74230AB1B = {isa = XCBuildConfiguration; buildSettings = {SDKROOT = "macosx";SUPPORTED_PLATFORMS = "macosx";ARCHS = "arm64";MACOSX_DEPLOYMENT_TARGET = "27.0";SWIFT_VERSION = "6.0";SWIFT_STRICT_CONCURRENCY = "complete";CLANG_ENABLE_MODULES = "YES";ENABLE_HARDENED_RUNTIME = "YES";CODE_SIGN_STYLE = "Manual";CODE_SIGN_IDENTITY = "-";PRODUCT_NAME = "OpenMath Preview";EXECUTABLE_NAME = "OpenMathNative";PRODUCT_BUNDLE_IDENTIFIER = "org.openmath.OpenMath.NativeMacPreview";GENERATE_INFOPLIST_FILE = "NO";INFOPLIST_FILE = "OpenMathNative/Info.plist";SWIFT_INCLUDE_PATHS = "$(inherited) $(PROJECT_DIR)/Headers";LIBRARY_SEARCH_PATHS = "$(inherited) $(PROJECT_DIR)/../target/release";OTHER_LDFLAGS = "$(inherited) -lom_apple_ffi -lsqlite3";ENABLE_TESTABILITY = "YES";SWIFT_OPTIMIZATION_LEVEL = "-Onone";DEBUG_INFORMATION_FORMAT = "dwarf";}; name = Debug;};
BF8D026EC6BAC4F2B764FE9C = {isa = PBXFileReference; lastKnownFileType = sourcecode.swift; path = "OpenMathNative/Generated/Contracts/PreviewCellSelector.swift"; sourceTree = "<group>";};
BF90D55FA56DB1896FD6553A = {isa = PBXFileReference; lastKnownFileType = sourcecode.swift; path = "OpenMathNative/Generated/Contracts/NativeKernelReceipt.swift"; sourceTree = "<group>";};
BFBB9D34D7F70BCCE11F58DB = {isa = PBXFileReference; lastKnownFileType = sourcecode.swift; path = "OpenMathNative/Storage/BlobReferences.swift"; sourceTree = "<group>";};
BFC8FA8B1DF5BCB95555613E = {isa = PBXFileReference; lastKnownFileType = sourcecode.swift; path = "OpenMathNative/Storage/KernelStore.swift"; sourceTree = "<group>";};
C007A773E72742B65166EB24 = {isa = PBXFileReference; lastKnownFileType = sourcecode.swift; path = "OpenMathNative/Storage/ManagedFiles.swift"; sourceTree = "<group>";};
C02B65D31B1025F01E43B578 = {isa = PBXFileReference; lastKnownFileType = sourcecode.swift; path = "OpenMathNative/Generated/Contracts/KernelDiscard.swift"; sourceTree = "<group>";};
C0D27130FC2D4855F748B1B3 = {isa = PBXBuildFile; fileRef = C007A773E72742B65166EB24;};
C0ED940923E5188D016CC57F = {isa = PBXFileReference; lastKnownFileType = sourcecode.swift; path = "OpenMathNative/AppHost.swift"; sourceTree = "<group>";};
C14432A06D4CCF2550F483F2 = {isa = PBXFileReference; lastKnownFileType = sourcecode.swift; path = "OpenMathNative/Generated/Contracts/HostOperationStatus.swift"; sourceTree = "<group>";};
C1F7F59ABEB5B875BE158747 = {isa = PBXBuildFile; fileRef = ABB7DD762286861E89964AC9;};
C24BEA0C8AB1760538EC8169 = {isa = PBXBuildFile; fileRef = AD348ECAEAE803AA84AAD4A8;};
C2AF3B99EFB2C213CBF89213 = {isa = PBXFileReference; lastKnownFileType = sourcecode.swift; path = "OpenMathNative/Generated/Contracts/SourcePrepareManual.swift"; sourceTree = "<group>";};
C2F5794A2044D5CE1945208C = {isa = PBXFileReference; lastKnownFileType = sourcecode.swift; path = "OpenMathNative/Generated/Contracts/KernelUnknownType.swift"; sourceTree = "<group>";};
C3BBC279789E00DD27ACDED3 = {isa = PBXFileReference; lastKnownFileType = sourcecode.swift; path = "OpenMathNative/Generated/Contracts/DiagnosticViewSeverity.swift"; sourceTree = "<group>";};
C3C96F27295065D7807113F5 = {isa = PBXFileReference; lastKnownFileType = sourcecode.swift; path = "OpenMathNative/Generated/Contracts/KernelDiscardType.swift"; sourceTree = "<group>";};
C3D8E9B76B564A29347ED359 = {isa = PBXBuildFile; fileRef = 6C08CB8C4BBC57DFCD84CEE5;};
C3F42A1F59324B29BD29578B = {isa = PBXFileReference; lastKnownFileType = sourcecode.swift; path = "OpenMathNative/Generated/Contracts/ResultBindingRecordType.swift"; sourceTree = "<group>";};
C4B55645142D6310DB150548 = {isa = PBXFileReference; lastKnownFileType = sourcecode.swift; path = "OpenMathNative/Generated/Contracts/NativeCalculationSettingsDialect.swift"; sourceTree = "<group>";};
C4D6FB0DE1E2853279F35788 = {isa = PBXBuildFile; fileRef = 42355E8E2215274D535168E5;};
C57716908A322C3A25409F91 = {isa = PBXBuildFile; fileRef = 2AFED2BCDC516A5875171626;};
C5916E607727E0E8B6538BB7 = {isa = PBXFileReference; lastKnownFileType = sourcecode.swift; path = "OpenMathNative/Generated/Contracts/NativeEditorFence.swift"; sourceTree = "<group>";};
C68027F67B476419EC3DCEE3 = {isa = PBXFileReference; lastKnownFileType = sourcecode.swift; path = "OpenMathNative/Generated/Contracts/InspectResultExpression.swift"; sourceTree = "<group>";};
C6ADB2DA81A79DE7165F7781 = {isa = PBXBuildFile; fileRef = CBE3712FD6C7035A745DEC69;};
C784303A85147F333BA90B48 = {isa = PBXBuildFile; fileRef = 0CFA7278477EA6FC4AED9AE9;};
C7A2C7B850FB113C3128D359 = {isa = PBXBuildFile; fileRef = 8B6DA3DDD1795DB5C2CF5B9A;};
C80FBC96035A7586980EDD8C = {isa = PBXFileReference; lastKnownFileType = sourcecode.swift; path = "OpenMathNative/Generated/Contracts/AdmissionReceipt.swift"; sourceTree = "<group>";};
C84632B008BAD40524CA16CD = {isa = PBXGroup; children = (0AFD4D8F3D4A27F932E6262E,); name = Products; sourceTree = "<group>";};
C87B004648D33631C44E9A47 = {isa = PBXProject; attributes = {LastUpgradeCheck = 2700; LastSwiftUpdateCheck = 2700;}; buildConfigurationList = D40C28DF59E8CD0BC8961576; compatibilityVersion = "Xcode 14.0"; developmentRegion = "zh-Hans"; knownRegions = ("zh-Hans",en,Base,); mainGroup = A678EC79108B309B6C2512B2; productRefGroup = C84632B008BAD40524CA16CD; projectDirPath = ""; projectRoot = ""; targets = (DB23EC101FAF3E2024296E87,);};
C9303B2685B430A78B893225 = {isa = PBXFileReference; lastKnownFileType = sourcecode.swift; path = "OpenMathNative/Storage/SQLiteDatabase.swift"; sourceTree = "<group>";};
C933075F0A86EF1EA5814E0D = {isa = PBXBuildFile; fileRef = F6CE2A22887DF56CB97DA121;};
CA10846EFBB1F599ED67FEEC = {isa = PBXBuildFile; fileRef = FDA115C94C030404F150090B;};
CA19E35AE8C30120B21925CC = {isa = PBXFileReference; lastKnownFileType = sourcecode.swift; path = "OpenMathNative/Generated/Contracts/SourceOpenType.swift"; sourceTree = "<group>";};
CA2EF6402A497980A14B0116 = {isa = PBXBuildFile; fileRef = 7112FD6BEFA62724784BD098;};
CA924701D1A2B565FF8B32F4 = {isa = PBXFileReference; lastKnownFileType = sourcecode.swift; path = "OpenMathNative/Generated/Contracts/SourceAdmitted.swift"; sourceTree = "<group>";};
CAB6E688986D7C92708923F7 = {isa = PBXFileReference; lastKnownFileType = sourcecode.swift; path = "OpenMathNative/Storage/KernelSchema.swift"; sourceTree = "<group>";};
CB52ADFA91B53D1C93D1D48C = {isa = PBXBuildFile; fileRef = C68027F67B476419EC3DCEE3;};
CB616D96741B215DDA2B27A3 = {isa = PBXBuildFile; fileRef = E1E24E1980B79D48B3CF3828;};
CBE3712FD6C7035A745DEC69 = {isa = PBXFileReference; lastKnownFileType = sourcecode.swift; path = "OpenMathNative/Generated/Contracts/NativeKernelTerminalStatus.swift"; sourceTree = "<group>";};
CDDEC5B881D52C9A056BFD6D = {isa = PBXFileReference; lastKnownFileType = sourcecode.swift; path = "OpenMathNative/Generated/Contracts/NativeUndoGroup.swift"; sourceTree = "<group>";};
CDFCF38271019F2AEFEED88F = {isa = PBXFileReference; lastKnownFileType = sourcecode.swift; path = "OpenMathNative/Generated/Contracts/NativeSourceTransactionTombstone.swift"; sourceTree = "<group>";};
CE34295C68C61A2AFFC028F9 = {isa = PBXFileReference; lastKnownFileType = sourcecode.swift; path = "OpenMathNative/Generated/HostContractSupport.swift"; sourceTree = "<group>";};
CEF0A43E84BC6E024FEF3CC4 = {isa = PBXBuildFile; fileRef = 8E7E2DBC55DE3AA8A58469B1;};
CEF62E492A28169960ADD495 = {isa = PBXFileReference; lastKnownFileType = sourcecode.swift; path = "OpenMathNative/Generated/Contracts/PreviewPatchOperation.swift"; sourceTree = "<group>";};
CF4B2D70999900830A390CAB = {isa = PBXFileReference; lastKnownFileType = sourcecode.swift; path = "OpenMathNative/Generated/Contracts/SourceSettled.swift"; sourceTree = "<group>";};
CFA0C3362AB0245A207780CE = {isa = PBXBuildFile; fileRef = D1DD972C8E5383B327F1CC41;};
D00FE71FD9A05F6355F79759 = {isa = PBXFileReference; lastKnownFileType = sourcecode.swift; path = "OpenMathNative/Generated/Contracts/PreviewUpdateCellType.swift"; sourceTree = "<group>";};
D02C3F300BA3F26AAF1175A1 = {isa = PBXBuildFile; fileRef = A0235175D173BA70D8555F5C;};
D1954F8BFB551FA311231B52 = {isa = PBXBuildFile; fileRef = D2A4B622976CF7ABC65BA1FC;};
D1DD972C8E5383B327F1CC41 = {isa = PBXFileReference; lastKnownFileType = sourcecode.swift; path = "OpenMathNative/Generated/Contracts/SaveStateState.swift"; sourceTree = "<group>";};
D1F5BAE1E8001154A506A44C = {isa = PBXFileReference; lastKnownFileType = sourcecode.swift; path = "OpenMathNative/Generated/Contracts/SourceBegin.swift"; sourceTree = "<group>";};
D24EEEAD4AE8C4910AF7C5D2 = {isa = PBXBuildFile; fileRef = 9DFC804AD05027FFA0A6901B;};
D2A4B622976CF7ABC65BA1FC = {isa = PBXFileReference; lastKnownFileType = sourcecode.swift; path = "OpenMathNative/Storage/BlobStore.swift"; sourceTree = "<group>";};
D3183ECCABF7596022F34FE9 = {isa = PBXFileReference; lastKnownFileType = sourcecode.swift; path = "OpenMathNative/Generated/Contracts/NativeCellKind.swift"; sourceTree = "<group>";};
D31F9041E1533921E76B16BC = {isa = PBXBuildFile; fileRef = D477626B7AB13D539F498143;};
D38A7F690B3C6E1E4FF9CBC7 = {isa = PBXBuildFile; fileRef = 1E5FD83FD9C282FDCC07E250;};
D3ABFB4F254FAF2297A0DCE7 = {isa = PBXFileReference; lastKnownFileType = sourcecode.swift; path = "OpenMathNative/Generated/Contracts/NativeCalculationChange.swift"; sourceTree = "<group>";};
D3B58C90ABF9FDDA9AA31715 = {isa = PBXFileReference; lastKnownFileType = sourcecode.swift; path = "OpenMathNative/Generated/Contracts/NativeCellRevision.swift"; sourceTree = "<group>";};
D40C28DF59E8CD0BC8961576 = {isa = XCConfigurationList; buildConfigurations = (BF5F47FDC9B895D74230AB1B,B49E0FC8F269047C0C2BBFD9,); defaultConfigurationIsVisible = 0; defaultConfigurationName = Release;};
D477626B7AB13D539F498143 = {isa = PBXFileReference; lastKnownFileType = sourcecode.swift; path = "OpenMathNative/Generated/Contracts/PiState.swift"; sourceTree = "<group>";};
D4B27ED21B22C40D2F07B21F = {isa = PBXFileReference; lastKnownFileType = sourcecode.swift; path = "OpenMathNative/Generated/Contracts/NativePreviewDataPreviewKind.swift"; sourceTree = "<group>";};
D4B43F7E0DD6038018A2EE91 = {isa = PBXSourcesBuildPhase; buildActionMask = 2147483647; files = (D54D397356B34EFF8043FF0E,12A04732D65B451B8C33F1B6,C1F7F59ABEB5B875BE158747,11F6DED33CA7C18B6A17D95C,7455F92FC60D20AD1E56601F,E7786D80AC0B552B53B4F2C3,3A4C8B6F7CCD40069AD0F95F,8F031336155291606178F969,E6E211E6DC570C4D04C8D735,CEF0A43E84BC6E024FEF3CC4,F3C92D47AED4C80AE52F0FD3,E17F6FC07955DCFE8E0B9341,EFD8E06F16F538FA37695577,E89A6B0B9319E51BE3DAAD67,1EBB714E3264C8A891DBC2DD,85F7F4901392847DFB66AB72,958F0A7D2687773230C30611,78BA1C6B7E686FA4663E9A58,20683385F3E1DCAC6994E89A,380499070CDCF2E9B9394B68,A7CB1F1AB7689ADEF9636691,3650AEBCF426A4E2B63F1678,3A3DE9CCB24CBCBB2B3BA840,85B30EBD32DFFDEEA6449876,04AB2BF664EF70C63A479DF9,6644D54CF0DD74957484FA19,5559FF27D5BE5CE83524C283,0FE4A6606CE6BC157ECBA803,97E802EAD754B693A91818ED,0952644C9E9F21C336AD497D,732389732DBB3562E3C5EBD6,924EE144E24D2951ED1C2569,D9A7B1DD81F28B5B17B4FBE0,269D5E21E75E29A1624BBAB0,44F5DCF6A92E564D27064B68,B20097B77C06BB02F04E6A44,3F3395708FBBC69352F84AC6,4B698B818BE65CEB7921861C,B7F683283D0EBA31A62FF190,EA972F41D32F6D7AE2145588,A40B6C79B39B43E985C35301,C7A2C7B850FB113C3128D359,1C7809045197A0CEB6D0F468,F268D62CF05B56BD474CEB07,0EB47723A346DD8D099B6D2D,E0002783461FA06632F7EC5D,69E3769D157A825A822C8911,FE75A2774EFBCCD6FC8656CE,FB4C34B32E1FA3260114CB8A,61CC9C589E30AB82782478D4,FC4583B2CBF0254CBB68920F,B2B811F29D42F56534587039,3BFF069DFFB8237120F52AE5,79CCE8BDE9DA37B3D9992929,C24BEA0C8AB1760538EC8169,E49A8576553EB74CC2B4991B,E5763CE6565E86365D7B182D,06701746D62C0943FD493FF8,6693FA652650E982B13F2D92,61FC791AF31A348F1B9842DD,2E9FCA092D0689BFEC6227B0,BD6E5D931E5D3ABF05B6563F,6B6318E9A551DD2687B3F9A6,40FEFDBA9E1897D8EE5EC275,E1E239BC3725517B5C3DFDCC,5B4865A0D62BA5C0FCC42F83,91AE989B303A384951D861A7,CB52ADFA91B53D1C93D1D48C,8436BD1A3A2E514C55C413EE,84F41DD7054DC779C230E161,FADEF9B063F37EB80CF35213,58EF713A514493EB577EDB3D,267B9EEE7A3E00DF362E0F0E,9445D878A43AA6A2C56380A5,CB616D96741B215DDA2B27A3,A248CC494586023CF3F4B317,A41ED7705A5F997AC4D58D2A,C57716908A322C3A25409F91,8C571DA079EC8751F531A2EA,B94B521B6E39D4CDE29252B3,7F69F230E6B60C43A26D979D,3ED86611480889690F3C4347,1156E929261971D2A01C2972,9A322663B305941A263711D4,14F2C9D131885F4F78188B47,B5659FCF65DDFADEC1D0A08D,832181BA6E4AC10FD81F1FAB,DB53B3F5345C5D20BA736D5E,D56774AFC862CC9420E7127A,F215E9CE0F4475611B9078E2,5E5DC026B3E2E7C018DC673F,ED2B12D0E1C361EFC1188010,2448EBADCE2237E0F9C9AE36,D6E1F2661D9B2F8C96C06194,228B13D90435E5D97CF8D309,1177FAC2A5428074D2DED9AD,FC0E77052E16741AD49167EF,12B6E496B4B3F0524EC68753,A8BB5B3E5D7C9B62F97DF222,AE7AF254735B28865A84EB4F,3FBD55DE44AEBD315C878C6D,E78D398BE8CE4813AB3EAB6C,1AE28C59354ABC72E22FF9C0,40E2DD65812DBDDEF1383C39,92510444A6B5EDFC306B088E,16FB0E0D306473F0B1DCB42F,237604E21984BBBC9410417A,D02C3F300BA3F26AAF1175A1,110031AD7A977AA43C59A6C0,A6CEF14E9D5F0B96EF48A1DE,275FD526A82FBB8E52F7EAD4,6AD52EEE901F6A5B6CECBE84,E0DA91D41B792C130D4F4989,A30C7F256404ADDA83ED2DC6,E4B8C7006A05AD0B96F12266,9D240D95340AD990B6DBF578,4B4B5C8617E577C8F2B14375,B18E6EEEF306FD528706FA53,5D63F249D9A2BB42172AABEA,E2C810FBF32AC727FC251754,44E685546AE60F549A95D383,75503962A6668F8BB49142F4,13B9D8138392B437B7BF0EAC,3965D7BF0F5A4BB751473DFB,4DF55A6BEBDAE5F3F5C8143C,29006063FDDD04165BA09E63,7D0244DFC36D3595199488A4,17A150B7DFAE6FBB2FC0FD2D,7136700DA81F44D416085DE5,0EDF4938A236FCE5258A91EE,2F2197A85874D28391F0AB05,D4C45D47660D3976DD47CC53,210E3C74D93BDABCB36C48D9,16F6FF784DBBC40ECBFD742F,A9A33CA9DAA5D6751601CC72,DAAE74891054F4B4F329C701,994979B2CB71C3B368E66510,E366E3B2341985B00D83369C,BE5441527221706298A799DF,1D07C3C348928DE671E0472D,FA831DD592064BEA6234AD9C,9D04A025C8E12D844073F585,C784303A85147F333BA90B48,7EFEB3D3CA8ECC5F0F1E2722,E28319C98902988EB84ACCAF,233A1BB4D518302462A7030C,7C108B76EF354E12453490CC,C6ADB2DA81A79DE7165F7781,30E63CAEFD848655D64F26DF,A5BDF5DA365CC68349C260B9,A94A6DB4592891095D9F67C1,9F91CB42BA0B8BB3B3E1D9FE,53C1C1504CBA74FA098A8296,34EEA21BBAD30978D2DE240B,7A570A62389027FD453D6529,8E8A6D71EEFB05F57026591A,2C82DDF69D4F63BE65FA4A19,56233DB4C45B673724943D7C,AC4E2568CC0A4F3A0DDBF1ED,EBE407BFEB5F06513B9A9FC7,40DC5DC50D72C91C0CA117BB,4844D767F711E28CDEAC2349,2D02662D2556B12AE91BA84D,6B3BB665A0331D16C84FC9A1,C4D6FB0DE1E2853279F35788,4E26E27647E72B5F4721D1FC,2225AD659BF293F69FCC458E,4643BE61700E612233C176AD,98CF79AB4940430CF8012B06,3F4113F5576FA28DAC3E6B62,74C809D937C58CB525F0726F,B82403DB38F070A85B26F780,2E50B56A589A7FF73DDDFF4C,CA10846EFBB1F599ED67FEEC,F5D1229CB84A27CC6D6DDD06,4C11290DF6D38147A276E955,555637F8990D878644830413,1326B3950D52AEB6F70F7F52,06C293E522BAA27335413366,D819F2AA83D3DBFAD4C8032B,7A5CE93753C55AAC413128E2,FF6A06BBE016F2A9A4A7162D,765C19E1B80900E864CDB2C5,D31F9041E1533921E76B16BC,B7824DEDBA1CF22B08AD60A6,D55A75E97D2798CF48BCDE3E,FA83B9AEDFD1B853DF8AFDB0,82C2CA8E6D98A17497D4CFA8,173E4AF30077C05910008B34,394A1B231F1D2F70B43B55F9,B25E8834D66113BAE7F140A9,7837313469CC6075C549D94B,EB131E3CE454E11AE422836A,975D39FA2B71F136343BF973,9579A1CC3D43AF3354EA2AB1,85D7C1ABB0CFF88EC2B7DD4D,856D6BF3694430B86FE40E35,3F37BA9ADDB84F2418C4A564,3C12422131B0E4416212A438,E31E99959BF341A1802DFAF7,BE435CC6E8E0B65C0E520DCF,BA8A9CC52097BDD8D03764F2,77EE1EA34CD76DC5284D3204,0BD6292FCDDE3E694D982298,07C090CF7E94E60118E9FB31,6AFCAAB006276A282FED545E,17E723DA3DB84F84873655D4,B2D4E2EF30E2A138649A5803,AD1EDB01483A6122A495C5A7,581873A064426D27C8D0E078,41E97C00A12F463F59258AA0,E0F22C9F3A23F3A339235B88,9D6699D454ABFF623F0FD8B8,4928E354A8E2883F0419E6D7,5DCFEB0EB3F4CBBCF7A70E36,2F7570F1E47C85AE4CC24829,B9013F2BB42FF3D75FADFBC9,1CC6C450AFEEA59778B652DC,C3D8E9B76B564A29347ED359,A621A4B5947781E85652AD6D,FF5CE966EC67B54DEF73DE48,088210BF213198CCA8841658,608F75619BE08F37D4C8508F,6F1828A4421213E4F5E04255,BD32B37A8C807AD5DC3B6DBE,15A8F314B97756485D58AA15,9DEDEC861036F5E0D1AEE878,24218CBB9040B132D2E4CDC8,99B084630C96AFFD82C8C5AC,DF648BA4FBDE5476D913E9E1,954506D94D8E1EBA2E77BB26,CFA0C3362AB0245A207780CE,464A819A99B907667EA52377,FDE460B59A06AA3CA6F4094F,D59CE098450F8F39AACDF8AD,2116B080812DAD5A77CD253E,DB02E342A3A2450DEA57C867,1AED7A60737C026C812F7663,1F1B449D30D098055B11C54D,BBCD2545554CE0348F74FCB7,ECCE4EAD54FABE9988760BF3,F0E2C9E5FE278C7874810447,AB5EBA704BA710DCC68C0C77,77AEA9B83BA51A0BCBC5AA01,219ED5D4AA1464A7DF6F6A66,1CCEAECE3EF5675D2C105C7E,0E99F39E7214BD0BEF321DDC,896F0272195AE86C12461B30,21CBACFB7434B6A7FE083A8A,39FDC7191B529417111960C8,6A6A9D4471EBD9011645A669,70CFF65809B316B6C5B2A1B0,C933075F0A86EF1EA5814E0D,DF357B854EFD3194226563ED,D38A7F690B3C6E1E4FF9CBC7,15BDE9DF655C2672808CB0EB,E30B048BB691E300EA3F5E98,B5E638F94EBBC5F8E05F2522,B0A48743958A2B0505286F97,36CA79EA3AF5484CF7F88FA5,4919E0F362599BDA1B1C7763,6206FBD2088D87959F9907A9,41F0651BC389EDADAC00B853,107530441A7723586339E9AA,613930A18B82ECFD6E509E8F,A33FB3BC711CA11076DE6AA8,16E48942CE7AA3CE8E609F33,59D280144C6914DF7E4F949C,267920F734604A9164743149,D59F6127CFC639F5D9FD4378,64182B79A4169DFE6350E389,73378930A54356FC8E1011AC,4D465DCB6E9BA0D60FE73308,96F45C9C2ED357AB19F33174,518F17666F91103A82D00B68,E8B33B2913CA4B6AA1206CB5,D1954F8BFB551FA311231B52,ED3D2E43799121E833A52592,7C14C2BD66C72B233D96104A,8E2A8D2142F0E5D7BA710E72,D24EEEAD4AE8C4910AF7C5D2,B0AA0882C1F63B1A4D67FF0E,4E6C57CB19C0EEB92F1226D4,CA2EF6402A497980A14B0116,D5077DA2E7996F0910CE2958,157D72391C6611085775A74A,C0D27130FC2D4855F748B1B3,91CE21A85417DCD2680C5AA6,813F94ADF22A847947FF8994,D9D1E765E175315820900B8A,5EB3CFC44767103BDE6FF0BF,F49BC5D9D983C46ACF1E0BD2,E5EE29824D653ADF56179B33,5CC3A73CF32673D5CB996B4B,); runOnlyForDeploymentPostprocessing = 0;};
D4C45D47660D3976DD47CC53 = {isa = PBXBuildFile; fileRef = D3183ECCABF7596022F34FE9;};
D4CA9D5A2E6255358C2EB4EA = {isa = PBXFileReference; lastKnownFileType = sourcecode.swift; path = "OpenMathNative/Generated/Contracts/DeleteSourceCells.swift"; sourceTree = "<group>";};
D5077DA2E7996F0910CE2958 = {isa = PBXBuildFile; fileRef = CAB6E688986D7C92708923F7;};
D54D397356B34EFF8043FF0E = {isa = PBXBuildFile; fileRef = BA5552D8CDC3BF93580C8849;};
D55A75E97D2798CF48BCDE3E = {isa = PBXBuildFile; fileRef = B9AF9EACCAB91AC98D669C57;};
D56774AFC862CC9420E7127A = {isa = PBXBuildFile; fileRef = B99B7BC2A56DC61FE9803208;};
D59CE098450F8F39AACDF8AD = {isa = PBXBuildFile; fileRef = CA924701D1A2B565FF8B32F4;};
D59F6127CFC639F5D9FD4378 = {isa = PBXBuildFile; fileRef = CE34295C68C61A2AFFC028F9;};
D5F6793DE977FB0E75C36796 = {isa = PBXFileReference; lastKnownFileType = sourcecode.swift; path = "OpenMathNative/Generated/Contracts/PreviewInsertCellKind.swift"; sourceTree = "<group>";};
D6D215E2DD6A5128AF911EA2 = {isa = PBXFileReference; lastKnownFileType = sourcecode.swift; path = "OpenMathNative/Generated/Contracts/SourceEditorChangedType.swift"; sourceTree = "<group>";};
D6E1F2661D9B2F8C96C06194 = {isa = PBXBuildFile; fileRef = EC9E2CF33F3E6B3AFED73039;};
D71A43E5831BDF36ADA94A11 = {isa = PBXFileReference; lastKnownFileType = sourcecode.swift; path = "OpenMathNative/Generated/Contracts/NativeSourceOperation.swift"; sourceTree = "<group>";};
D819F2AA83D3DBFAD4C8032B = {isa = PBXBuildFile; fileRef = 3F71E32E29A96AEB44DA7BDF;};
D82B6D6815DD7FD1D7D42FD7 = {isa = PBXFileReference; lastKnownFileType = sourcecode.swift; path = "OpenMathNative/Editor/EditorCommitBinding.swift"; sourceTree = "<group>";};
D9A7B1DD81F28B5B17B4FBE0 = {isa = PBXBuildFile; fileRef = E65CA0273D00CC09017C5947;};
D9ADF3CB3E4B38648005E946 = {isa = PBXFileReference; lastKnownFileType = sourcecode.swift; path = "OpenMathNative/Generated/Contracts/NativeDurableSourceReceipt.swift"; sourceTree = "<group>";};
D9D1E765E175315820900B8A = {isa = PBXBuildFile; fileRef = 5D8BDFB6D31CAF26FCC84FA9;};
DA0C06628867415BF985A459 = {isa = PBXFileReference; lastKnownFileType = sourcecode.swift; path = "OpenMathNative/Generated/Contracts/SourceOpen.swift"; sourceTree = "<group>";};
DAAE74891054F4B4F329C701 = {isa = PBXBuildFile; fileRef = D9ADF3CB3E4B38648005E946;};
DB02E342A3A2450DEA57C867 = {isa = PBXBuildFile; fileRef = 96E3E9401B0FFD417D876D69;};
DB23EC101FAF3E2024296E87 = {isa = PBXNativeTarget; buildConfigurationList = D40C28DF59E8CD0BC8961576; buildPhases = (D4B43F7E0DD6038018A2EE91,8EC8E61B9E4B6B0B53995ABB,0104391A3A149F097D6024A1,); buildRules = (); dependencies = (); name = OpenMathNative; productName = "OpenMath Preview"; productReference = 0AFD4D8F3D4A27F932E6262E; productType = "com.apple.product-type.application";};
DB53B3F5345C5D20BA736D5E = {isa = PBXBuildFile; fileRef = B6FBC4454BAB103BC467DF40;};
DBFB4DD8F5DC70D8F6243196 = {isa = PBXFileReference; lastKnownFileType = sourcecode.swift; path = "OpenMathNative/Generated/Contracts/NativeCommitStatePhase.swift"; sourceTree = "<group>";};
DC54D8850D10845F5D910540 = {isa = PBXFileReference; lastKnownFileType = sourcecode.swift; path = "OpenMathNative/Storage/SQLColumn.swift"; sourceTree = "<group>";};
DE0CCE394C3E5B5258EFCF23 = {isa = PBXFileReference; lastKnownFileType = sourcecode.swift; path = "OpenMathNative/Generated/Contracts/NativeKernelProducer.swift"; sourceTree = "<group>";};
DE74A33260EACBD353332D37 = {isa = PBXFileReference; lastKnownFileType = sourcecode.swift; path = "OpenMathNative/Generated/Contracts/NativeCommitState.swift"; sourceTree = "<group>";};
DF357B854EFD3194226563ED = {isa = PBXBuildFile; fileRef = 737413CA7D8224533A5F9C70;};
DF648BA4FBDE5476D913E9E1 = {isa = PBXBuildFile; fileRef = 78C8411EBBE89F9483D7A0C0;};
E0002783461FA06632F7EC5D = {isa = PBXBuildFile; fileRef = 99AEE6DF4A2E068A352E78DA;};
E0DA91D41B792C130D4F4989 = {isa = PBXBuildFile; fileRef = FCD8BA17014975EA07B21699;};
E0F22C9F3A23F3A339235B88 = {isa = PBXBuildFile; fileRef = E34AFD9E4B3E699D4CA12D85;};
E11849EB0B613C68EB8511B3 = {isa = PBXFileReference; lastKnownFileType = sourcecode.swift; path = "OpenMathNative/Generated/Contracts/SourceStatus.swift"; sourceTree = "<group>";};
E17F6FC07955DCFE8E0B9341 = {isa = PBXBuildFile; fileRef = 0B43C2CBDB694C83D687EAC1;};
E1E239BC3725517B5C3DFDCC = {isa = PBXBuildFile; fileRef = 56D5BE90FFDA86D5F3A08289;};
E1E24E1980B79D48B3CF3828 = {isa = PBXFileReference; lastKnownFileType = sourcecode.swift; path = "OpenMathNative/Generated/Contracts/InspectResultNumeric.swift"; sourceTree = "<group>";};
E28319C98902988EB84ACCAF = {isa = PBXBuildFile; fileRef = 79A12903F0A8890DE97E39C7;};
E2ACA6636898DAE77448A187 = {isa = PBXFileReference; lastKnownFileType = sourcecode.swift; path = "OpenMathNative/Generated/Contracts/InspectResultSource.swift"; sourceTree = "<group>";};
E2C810FBF32AC727FC251754 = {isa = PBXBuildFile; fileRef = FE75AD79DDD972F828AE92CE;};
E30B048BB691E300EA3F5E98 = {isa = PBXBuildFile; fileRef = EB3E72DAB037FC111AE88378;};
E31E99959BF341A1802DFAF7 = {isa = PBXBuildFile; fileRef = BD388E957F1E65B574941481;};
E34AFD9E4B3E699D4CA12D85 = {isa = PBXFileReference; lastKnownFileType = sourcecode.swift; path = "OpenMathNative/Generated/Contracts/ReadHostState.swift"; sourceTree = "<group>";};
E366E3B2341985B00D83369C = {isa = PBXBuildFile; fileRef = 6A0BA0A9789F59558DAC1400;};
E490852667EC7EE8A6CDA7C3 = {isa = PBXFileReference; lastKnownFileType = sourcecode.swift; path = "OpenMathNative/Generated/Contracts/AnalyzeEditorKind.swift"; sourceTree = "<group>";};
E49A8576553EB74CC2B4991B = {isa = PBXBuildFile; fileRef = 82647F43FE171D0C95B64E24;};
E4B8C7006A05AD0B96F12266 = {isa = PBXBuildFile; fileRef = F8D2FC98C995F6D6F5FF38F7;};
E52B8E9F36ADEF3FC9C6697F = {isa = PBXFileReference; lastKnownFileType = sourcecode.swift; path = "OpenMathNative/Generated/Contracts/OperationReceiptRecordType.swift"; sourceTree = "<group>";};
E5763CE6565E86365D7B182D = {isa = PBXBuildFile; fileRef = C14432A06D4CCF2550F483F2;};
E5EE29824D653ADF56179B33 = {isa = PBXBuildFile; fileRef = F57A944DB1795257EDF66F0F;};
E62B37EE41180B86AFB2F736 = {isa = PBXFileReference; lastKnownFileType = sourcecode.swift; path = "OpenMathNative/Generated/Contracts/NativePreviewData.swift"; sourceTree = "<group>";};
E65CA0273D00CC09017C5947 = {isa = PBXFileReference; lastKnownFileType = sourcecode.swift; path = "OpenMathNative/Generated/Contracts/DocumentCommitRecordType.swift"; sourceTree = "<group>";};
E6E211E6DC570C4D04C8D735 = {isa = PBXBuildFile; fileRef = C80FBC96035A7586980EDD8C;};
E7786D80AC0B552B53B4F2C3 = {isa = PBXBuildFile; fileRef = 69D4AEEF5DF9DC2ED6386BFF;};
E78D398BE8CE4813AB3EAB6C = {isa = PBXBuildFile; fileRef = 40F2781D6320AB7BEE20EB02;};
E7BA7DF08FFE1593CE2562CD = {isa = PBXFileReference; lastKnownFileType = sourcecode.swift; path = "OpenMathNative/Generated/Contracts/HostError.swift"; sourceTree = "<group>";};
E84F1E6182FC1AF82D08C64E = {isa = PBXFileReference; lastKnownFileType = sourcecode.swift; path = "OpenMathNative/Generated/Contracts/InspectResultPresentation.swift"; sourceTree = "<group>";};
E89A6B0B9319E51BE3DAAD67 = {isa = PBXBuildFile; fileRef = BBF0432D11E80170422E8104;};
E8B33B2913CA4B6AA1206CB5 = {isa = PBXBuildFile; fileRef = BFBB9D34D7F70BCCE11F58DB;};
E97DEBC70CB35D7BFD715D46 = {isa = PBXFileReference; lastKnownFileType = sourcecode.swift; path = "OpenMathNative/Generated/Contracts/MarkdownBlockRecordType.swift"; sourceTree = "<group>";};
EA972F41D32F6D7AE2145588 = {isa = PBXBuildFile; fileRef = 65C389392546FC2497E7C8EC;};
EB131E3CE454E11AE422836A = {isa = PBXBuildFile; fileRef = 559E0E9514369C56B27E5BB0;};
EB3E72DAB037FC111AE88378 = {isa = PBXFileReference; lastKnownFileType = sourcecode.swift; path = "OpenMathNative/Generated/Contracts/SourceRecoverUndo.swift"; sourceTree = "<group>";};
EB461314E6410C724B7CF980 = {isa = PBXFileReference; lastKnownFileType = sourcecode.swift; path = "OpenMathNative/Storage/Bootstrap.swift"; sourceTree = "<group>";};
EBE407BFEB5F06513B9A9FC7 = {isa = PBXBuildFile; fileRef = 7D0F5512AC27AE09957502B9;};
EC33C4E4C8DBEAC2E9BC4D3F = {isa = PBXFileReference; lastKnownFileType = folder; path = OpenMathNative/Resources/Licenses; sourceTree = "<group>";};
EC80AE4D307850425D2CFA8C = {isa = PBXFileReference; lastKnownFileType = sourcecode.swift; path = "OpenMathNative/Generated/Contracts/OperationEffectState.swift"; sourceTree = "<group>";};
EC9E2CF33F3E6B3AFED73039 = {isa = PBXFileReference; lastKnownFileType = sourcecode.swift; path = "OpenMathNative/Generated/Contracts/KernelBootstrapType.swift"; sourceTree = "<group>";};
ECCD87D661C87F28ACCDDA31 = {isa = PBXFileReference; lastKnownFileType = sourcecode.swift; path = "OpenMathNative/Generated/Contracts/KernelCompleted.swift"; sourceTree = "<group>";};
ECCE4EAD54FABE9988760BF3 = {isa = PBXBuildFile; fileRef = 40BF4D1FC7DA67BE3FC409EB;};
ED1BA6BFB1FB9E09600AA624 = {isa = PBXFileReference; lastKnownFileType = sourcecode.swift; path = "OpenMathNative/Generated/Contracts/PreviewInsertCellType.swift"; sourceTree = "<group>";};
ED2A064FF727931B7C9957AA = {isa = PBXFileReference; lastKnownFileType = sourcecode.swift; path = "OpenMathNative/NativeHostSession.swift"; sourceTree = "<group>";};
ED2B12D0E1C361EFC1188010 = {isa = PBXBuildFile; fileRef = 61EF0E3994868EF58FFA7F5C;};
ED3D2E43799121E833A52592 = {isa = PBXBuildFile; fileRef = BCC44300C6D2D05520DAFC75;};
EECE32B23EB78255C2351657 = {isa = PBXFileReference; lastKnownFileType = sourcecode.swift; path = "OpenMathNative/Generated/Contracts/KernelState.swift"; sourceTree = "<group>";};
EF2B9144B81C26AF7D36CEBC = {isa = PBXFileReference; lastKnownFileType = sourcecode.swift; path = "OpenMathNative/Generated/Contracts/KernelRunCell.swift"; sourceTree = "<group>";};
EF64EE2A36205D13DA07B06F = {isa = PBXFileReference; lastKnownFileType = sourcecode.swift; path = "OpenMathNative/Generated/Contracts/ResultManifestType.swift"; sourceTree = "<group>";};
EFD8E06F16F538FA37695577 = {isa = PBXBuildFile; fileRef = 35D08946D1A23C48536EBA88;};
F00FA0C293425AC9F2EF1B7F = {isa = PBXFileReference; lastKnownFileType = sourcecode.swift; path = "OpenMathNative/Generated/Contracts/SourceSnapshotRef.swift"; sourceTree = "<group>";};
F0E2C9E5FE278C7874810447 = {isa = PBXBuildFile; fileRef = 92BBC92EC39AC84BE49C2BCC;};
F0FA94ADE661376D215C05FF = {isa = PBXFileReference; lastKnownFileType = sourcecode.swift; path = "OpenMathNative/Generated/Contracts/PreviewDeleteCellType.swift"; sourceTree = "<group>";};
F195F1E27BD22924292EF49B = {isa = PBXFileReference; lastKnownFileType = sourcecode.swift; path = "OpenMathNative/Generated/Contracts/SourceUnknownType.swift"; sourceTree = "<group>";};
F1C47C64CDC4CD5F6047F2E3 = {isa = PBXFileReference; lastKnownFileType = sourcecode.swift; path = "OpenMathNative/Generated/Contracts/ReadFunctionCatalog.swift"; sourceTree = "<group>";};
F215E9CE0F4475611B9078E2 = {isa = PBXBuildFile; fileRef = 59F801D8CA363229D13F438F;};
F268D62CF05B56BD474CEB07 = {isa = PBXBuildFile; fileRef = 59B4318E91496233FC17651B;};
F2B8B23D7ABF6C4285F5B723 = {isa = PBXFileReference; lastKnownFileType = sourcecode.swift; path = "OpenMathNative/Generated/Contracts/AcknowledgeIO.swift"; sourceTree = "<group>";};
F2E908B6B218E689151257AF = {isa = PBXFileReference; lastKnownFileType = sourcecode.swift; path = "OpenMathNative/Generated/Contracts/InspectResultGeometryPage.swift"; sourceTree = "<group>";};
F3C92D47AED4C80AE52F0FD3 = {isa = PBXBuildFile; fileRef = 2AAD875777A318D1ECB7B6B7;};
F49BC5D9D983C46ACF1E0BD2 = {isa = PBXBuildFile; fileRef = 186D4A58080E35E120F95FDC;};
F57A944DB1795257EDF66F0F = {isa = PBXFileReference; lastKnownFileType = sourcecode.swift; path = "OpenMathNative/Storage/StorageService.swift"; sourceTree = "<group>";};
F5D1229CB84A27CC6D6DDD06 = {isa = PBXBuildFile; fileRef = EC80AE4D307850425D2CFA8C;};
F5D81180645C1857521514EE = {isa = PBXFileReference; lastKnownFileType = sourcecode.swift; path = "OpenMathNative/Generated/Contracts/NativePreviewInput.swift"; sourceTree = "<group>";};
F6CE2A22887DF56CB97DA121 = {isa = PBXFileReference; lastKnownFileType = sourcecode.swift; path = "OpenMathNative/Generated/Contracts/SourcePreview.swift"; sourceTree = "<group>";};
F8D2FC98C995F6D6F5FF38F7 = {isa = PBXFileReference; lastKnownFileType = sourcecode.swift; path = "OpenMathNative/Generated/Contracts/LocalCompletionRecordType.swift"; sourceTree = "<group>";};
F95451C283AA82BF4A157C4D = {isa = PBXFileReference; lastKnownFileType = sourcecode.swift; path = "OpenMathNative/Generated/Contracts/NativeResultHostCommand.swift"; sourceTree = "<group>";};
F9762A675D58D37B527121F2 = {isa = PBXFileReference; lastKnownFileType = sourcecode.swift; path = "OpenMathNative/Generated/Contracts/MoveSourceCellsKind.swift"; sourceTree = "<group>";};
FA086A571B964270CC5C5B32 = {isa = PBXFileReference; lastKnownFileType = sourcecode.swift; path = "OpenMathNative/Generated/Contracts/KernelBootstrap.swift"; sourceTree = "<group>";};
FA831DD592064BEA6234AD9C = {isa = PBXBuildFile; fileRef = FB56F49B90120BE13FC11451;};
FA83B9AEDFD1B853DF8AFDB0 = {isa = PBXBuildFile; fileRef = F0FA94ADE661376D215C05FF;};
FAA56B8393E6542B0320DB8D = {isa = PBXFileReference; lastKnownFileType = sourcecode.swift; path = "OpenMathNative/Generated/Contracts/SourceReadType.swift"; sourceTree = "<group>";};
FADEF9B063F37EB80CF35213 = {isa = PBXBuildFile; fileRef = AC3D51CBF661D2C2E1C0BBCC;};
FB420B858DF7BC940E5813B0 = {isa = PBXFileReference; lastKnownFileType = sourcecode.swift; path = "OpenMathNative/Generated/Contracts/SourceEditorChanged.swift"; sourceTree = "<group>";};
FB4A18DD19C5228F7F3B07A4 = {isa = PBXFileReference; lastKnownFileType = sourcecode.swift; path = "OpenMathNative/Generated/Contracts/InspectResultStepsKind.swift"; sourceTree = "<group>";};
FB4C34B32E1FA3260114CB8A = {isa = PBXBuildFile; fileRef = 84A14A2A5941B172BA93FD75;};
FB56F49B90120BE13FC11451 = {isa = PBXFileReference; lastKnownFileType = sourcecode.swift; path = "OpenMathNative/Generated/Contracts/NativeKernelCommitKind.swift"; sourceTree = "<group>";};
FC0E77052E16741AD49167EF = {isa = PBXBuildFile; fileRef = C02B65D31B1025F01E43B578;};
FC4583B2CBF0254CBB68920F = {isa = PBXBuildFile; fileRef = 12EC653A4A20DD61FCAF0B66;};
FCD8BA17014975EA07B21699 = {isa = PBXFileReference; lastKnownFileType = sourcecode.swift; path = "OpenMathNative/Generated/Contracts/LocalCompletionInsertionKind.swift"; sourceTree = "<group>";};
FDA115C94C030404F150090B = {isa = PBXFileReference; lastKnownFileType = sourcecode.swift; path = "OpenMathNative/Generated/Contracts/Operation.swift"; sourceTree = "<group>";};
FDE460B59A06AA3CA6F4094F = {isa = PBXBuildFile; fileRef = 02668DA16DDDCA7094414672;};
FE75A2774EFBCCD6FC8656CE = {isa = PBXBuildFile; fileRef = 6D5EF3341E52167CE9412306;};
FE75AD79DDD972F828AE92CE = {isa = PBXFileReference; lastKnownFileType = sourcecode.swift; path = "OpenMathNative/Generated/Contracts/MarkdownSpanKind.swift"; sourceTree = "<group>";};
FF5CE966EC67B54DEF73DE48 = {isa = PBXBuildFile; fileRef = 480B8A599F511C4567791856;};
FF6A06BBE016F2A9A4A7162D = {isa = PBXBuildFile; fileRef = E52B8E9F36ADEF3FC9C6697F;};
}; rootObject = C87B004648D33631C44E9A47;}
