// !$*UTF8*$!
{archiveVersion = 1; classes = {}; objectVersion = 56; objects = {
0104391A3A149F097D6024A1 = {isa = PBXResourcesBuildPhase; buildActionMask = 2147483647; files = (6FE6C1ABC34E082DD29101F1,); runOnlyForDeploymentPostprocessing = 0;};
0AFD4D8F3D4A27F932E6262E = {isa = PBXFileReference; explicitFileType = wrapper.application; path = "OpenMath Preview.app"; sourceTree = BUILT_PRODUCTS_DIR;};
12A04732D65B451B8C33F1B6 = {isa = PBXBuildFile; fileRef = C0ED940923E5188D016CC57F;};
6FE6C1ABC34E082DD29101F1 = {isa = PBXBuildFile; fileRef = EC33C4E4C8DBEAC2E9BC4D3F;};
8EC8E61B9E4B6B0B53995ABB = {isa = PBXFrameworksBuildPhase; buildActionMask = 2147483647; files = (); runOnlyForDeploymentPostprocessing = 0;};
A678EC79108B309B6C2512B2 = {isa = PBXGroup; children = (C0ED940923E5188D016CC57F,EC33C4E4C8DBEAC2E9BC4D3F,C84632B008BAD40524CA16CD,); sourceTree = "<group>";};
B49E0FC8F269047C0C2BBFD9 = {isa = XCBuildConfiguration; buildSettings = {SDKROOT = "macosx";SUPPORTED_PLATFORMS = "macosx";ARCHS = "arm64";MACOSX_DEPLOYMENT_TARGET = "27.0";SWIFT_VERSION = "6.0";SWIFT_STRICT_CONCURRENCY = "complete";CLANG_ENABLE_MODULES = "YES";ENABLE_HARDENED_RUNTIME = "YES";CODE_SIGN_STYLE = "Manual";CODE_SIGN_IDENTITY = "-";PRODUCT_NAME = "OpenMath Preview";EXECUTABLE_NAME = "OpenMathNative";PRODUCT_BUNDLE_IDENTIFIER = "org.openmath.OpenMath.NativeMacPreview";GENERATE_INFOPLIST_FILE = "NO";INFOPLIST_FILE = "OpenMathNative/Info.plist";SWIFT_INCLUDE_PATHS = "$(inherited) $(PROJECT_DIR)/Headers";LIBRARY_SEARCH_PATHS = "$(inherited) $(PROJECT_DIR)/../target/release";OTHER_LDFLAGS = "$(inherited) -lom_apple_ffi";ENABLE_TESTABILITY = "YES";SWIFT_OPTIMIZATION_LEVEL = "-O";DEBUG_INFORMATION_FORMAT = "dwarf-with-dsym";SWIFT_COMPILATION_MODE = "wholemodule";}; name = Release;};
BF5F47FDC9B895D74230AB1B = {isa = XCBuildConfiguration; buildSettings = {SDKROOT = "macosx";SUPPORTED_PLATFORMS = "macosx";ARCHS = "arm64";MACOSX_DEPLOYMENT_TARGET = "27.0";SWIFT_VERSION = "6.0";SWIFT_STRICT_CONCURRENCY = "complete";CLANG_ENABLE_MODULES = "YES";ENABLE_HARDENED_RUNTIME = "YES";CODE_SIGN_STYLE = "Manual";CODE_SIGN_IDENTITY = "-";PRODUCT_NAME = "OpenMath Preview";EXECUTABLE_NAME = "OpenMathNative";PRODUCT_BUNDLE_IDENTIFIER = "org.openmath.OpenMath.NativeMacPreview";GENERATE_INFOPLIST_FILE = "NO";INFOPLIST_FILE = "OpenMathNative/Info.plist";SWIFT_INCLUDE_PATHS = "$(inherited) $(PROJECT_DIR)/Headers";LIBRARY_SEARCH_PATHS = "$(inherited) $(PROJECT_DIR)/../target/release";OTHER_LDFLAGS = "$(inherited) -lom_apple_ffi";ENABLE_TESTABILITY = "YES";SWIFT_OPTIMIZATION_LEVEL = "-Onone";DEBUG_INFORMATION_FORMAT = "dwarf";}; name = Debug;};
C0ED940923E5188D016CC57F = {isa = PBXFileReference; lastKnownFileType = sourcecode.swift; path = "OpenMathNative/AppHost.swift"; sourceTree = "<group>";};
C84632B008BAD40524CA16CD = {isa = PBXGroup; children = (0AFD4D8F3D4A27F932E6262E,); name = Products; sourceTree = "<group>";};
C87B004648D33631C44E9A47 = {isa = PBXProject; attributes = {LastUpgradeCheck = 2700; LastSwiftUpdateCheck = 2700;}; buildConfigurationList = D40C28DF59E8CD0BC8961576; compatibilityVersion = "Xcode 14.0"; developmentRegion = "zh-Hans"; knownRegions = ("zh-Hans",en,Base,); mainGroup = A678EC79108B309B6C2512B2; productRefGroup = C84632B008BAD40524CA16CD; projectDirPath = ""; projectRoot = ""; targets = (DB23EC101FAF3E2024296E87,);};
D40C28DF59E8CD0BC8961576 = {isa = XCConfigurationList; buildConfigurations = (BF5F47FDC9B895D74230AB1B,B49E0FC8F269047C0C2BBFD9,); defaultConfigurationIsVisible = 0; defaultConfigurationName = Release;};
D4B43F7E0DD6038018A2EE91 = {isa = PBXSourcesBuildPhase; buildActionMask = 2147483647; files = (12A04732D65B451B8C33F1B6,); runOnlyForDeploymentPostprocessing = 0;};
DB23EC101FAF3E2024296E87 = {isa = PBXNativeTarget; buildConfigurationList = D40C28DF59E8CD0BC8961576; buildPhases = (D4B43F7E0DD6038018A2EE91,8EC8E61B9E4B6B0B53995ABB,0104391A3A149F097D6024A1,); buildRules = (); dependencies = (); name = OpenMathNative; productName = "OpenMath Preview"; productReference = 0AFD4D8F3D4A27F932E6262E; productType = "com.apple.product-type.application";};
EC33C4E4C8DBEAC2E9BC4D3F = {isa = PBXFileReference; lastKnownFileType = folder; path = OpenMathNative/Resources/Licenses; sourceTree = "<group>";};
}; rootObject = C87B004648D33631C44E9A47;}
